
Microsoft Visual Studio Solution File, Format Version 12.00
# Visual Studio 15
VisualStudioVersion = 15.0.27004.2002
MinimumVisualStudioVersion = 10.0.40219.1
Project("{FAE04EC0-301F-11D3-BF4B-00C04F79EFBC}") = "AABC.Mobile", "AABC.Mobile\AABC.Mobile.csproj", "{9779C32A-A4FF-45DC-A5F2-85E73D98DACB}"
EndProject
Project("{FAE04EC0-301F-11D3-BF4B-00C04F79EFBC}") = "AABC.Mobile.iOS", "AABC.Mobile.iOS\AABC.Mobile.iOS.csproj", "{D4BE731C-67E0-4600-8FD8-FE655778191F}"
EndProject
Project("{FAE04EC0-301F-11D3-BF4B-00C04F79EFBC}") = "AABC.Mobile.UWP", "AABC.Mobile.UWP\AABC.Mobile.UWP.csproj", "{B9E69605-6D50-48A6-A041-9D7C8DFDFF60}"
EndProject
Project("{FAE04EC0-301F-11D3-BF4B-00C04F79EFBC}") = "AABC.Mobile.Android", "AABC.Mobile.Android\AABC.Mobile.Android.csproj", "{37781828-6CC8-499D-9828-6D6D604D5E4D}"
EndProject
Project("{2150E333-8FDC-42A3-9474-1A3956D46DE8}") = "AABC.Mobile", "AABC.Mobile", "{CAC4FD67-4DFB-4E2C-8C47-A3BAC793E232}"
EndProject
Project("{2150E333-8FDC-42A3-9474-1A3956D46DE8}") = "AABC.Mobile.Api", "AABC.Mobile.Api", "{3159D8A6-CA8E-47C4-A49C-B318EDC97FDC}"
EndProject
Project("{FAE04EC0-301F-11D3-BF4B-00C04F79EFBC}") = "AABC.Data", "AABC.Data\AABC.Data.csproj", "{FE28A9EA-0E6F-4332-B86A-E6178A654986}"
EndProject
Project("{FAE04EC0-301F-11D3-BF4B-00C04F79EFBC}") = "AABC.Domain2", "AABC.Domain2\AABC.Domain2.csproj", "{1176F48D-ED61-451B-8BBF-88CD0D02586F}"
EndProject
Project("{FAE04EC0-301F-11D3-BF4B-00C04F79EFBC}") = "AABC.DomainServices", "AABC.DomainServices\AABC.DomainServices.csproj", "{5ACC425B-AE61-4A66-9530-3B18898EC816}"
EndProject
Project("{FAE04EC0-301F-11D3-BF4B-00C04F79EFBC}") = "AABC.Mobile.Api", "AABC.Mobile.Api\AABC.Mobile.Api.csproj", "{D0ABB8F1-4839-49D7-B9FD-C954F87FB29B}"
EndProject
Project("{FAE04EC0-301F-11D3-BF4B-00C04F79EFBC}") = "AABC.Shared.Web", "AABC.Shared.Web\AABC.Shared.Web.csproj", "{9C54C296-FAB5-4C96-8C71-2200583AAF62}"
EndProject
Project("{FAE04EC0-301F-11D3-BF4B-00C04F79EFBC}") = "AABC.Mobile.AppServices", "AABC.Mobile.AppServices\AABC.Mobile.AppServices.csproj", "{F8FAE603-4B27-4BF3-8C00-7395EB7C23B8}"
EndProject
Project("{FAE04EC0-301F-11D3-BF4B-00C04F79EFBC}") = "AABC.Mobile.SharedEntities", "AABC.Mobile.SharedEntities\AABC.Mobile.SharedEntities.csproj", "{FE549C4E-B27E-44DB-A5BE-A26EABF5DF8F}"
EndProject
Project("{2150E333-8FDC-42A3-9474-1A3956D46DE8}") = "Tests", "Tests", "{057F0090-B2E7-4F9A-8DD5-72BFAB87D62D}"
EndProject
Project("{FAE04EC0-301F-11D3-BF4B-00C04F79EFBC}") = "AABC.Mobile.Api.Tests.Unit", "AABC.Mobile.Api.Tests.Unit\AABC.Mobile.Api.Tests.Unit.csproj", "{ABB48F3D-FA1E-4953-87D1-8BD737DEAEA7}"
EndProject
Project("{FAE04EC0-301F-11D3-BF4B-00C04F79EFBC}") = "AABC.Mobile.Api.Test.Integration", "AABC.Mobile.Api.Test.Integration\AABC.Mobile.Api.Test.Integration.csproj", "{D6B536BD-E596-4114-94A3-0198CC8D6999}"
EndProject
Project("{FAE04EC0-301F-11D3-BF4B-00C04F79EFBC}") = "AABC.Domain", "AABC.Domain\AABC.Domain.csproj", "{AAC89B95-8F5D-43C3-81FF-0AD892F108A9}"
EndProject
Project("{FAE04EC0-301F-11D3-BF4B-00C04F79EFBC}") = "Dymeng.Framework", "Dymeng.Framework\Dymeng.Framework.csproj", "{8A84FCE2-729E-4F18-B8C1-E8A5BFE56136}"
EndProject
Global
	GlobalSection(SolutionConfigurationPlatforms) = preSolution
		Ad-Hoc|Any CPU = Ad-Hoc|Any CPU
		Ad-Hoc|ARM = Ad-Hoc|ARM
		Ad-Hoc|iPhone = Ad-Hoc|iPhone
		Ad-Hoc|iPhoneSimulator = Ad-Hoc|iPhoneSimulator
		Ad-Hoc|x64 = Ad-Hoc|x64
		Ad-Hoc|x86 = Ad-Hoc|x86
		AppStore|Any CPU = AppStore|Any CPU
		AppStore|ARM = AppStore|ARM
		AppStore|iPhone = AppStore|iPhone
		AppStore|iPhoneSimulator = AppStore|iPhoneSimulator
		AppStore|x64 = AppStore|x64
		AppStore|x86 = AppStore|x86
		Debug|Any CPU = Debug|Any CPU
		Debug|ARM = Debug|ARM
		Debug|iPhone = Debug|iPhone
		Debug|iPhoneSimulator = Debug|iPhoneSimulator
		Debug|x64 = Debug|x64
		Debug|x86 = Debug|x86
		Integration|Any CPU = Integration|Any CPU
		Integration|ARM = Integration|ARM
		Integration|iPhone = Integration|iPhone
		Integration|iPhoneSimulator = Integration|iPhoneSimulator
		Integration|x64 = Integration|x64
		Integration|x86 = Integration|x86
		Release|Any CPU = Release|Any CPU
		Release|ARM = Release|ARM
		Release|iPhone = Release|iPhone
		Release|iPhoneSimulator = Release|iPhoneSimulator
		Release|x64 = Release|x64
		Release|x86 = Release|x86
	EndGlobalSection
	GlobalSection(ProjectConfigurationPlatforms) = postSolution
		{9779C32A-A4FF-45DC-A5F2-85E73D98DACB}.Ad-Hoc|Any CPU.ActiveCfg = Release|Any CPU
		{9779C32A-A4FF-45DC-A5F2-85E73D98DACB}.Ad-Hoc|Any CPU.Build.0 = Release|Any CPU
		{9779C32A-A4FF-45DC-A5F2-85E73D98DACB}.Ad-Hoc|ARM.ActiveCfg = Release|Any CPU
		{9779C32A-A4FF-45DC-A5F2-85E73D98DACB}.Ad-Hoc|ARM.Build.0 = Release|Any CPU
		{9779C32A-A4FF-45DC-A5F2-85E73D98DACB}.Ad-Hoc|iPhone.ActiveCfg = Release|Any CPU
		{9779C32A-A4FF-45DC-A5F2-85E73D98DACB}.Ad-Hoc|iPhone.Build.0 = Release|Any CPU
		{9779C32A-A4FF-45DC-A5F2-85E73D98DACB}.Ad-Hoc|iPhoneSimulator.ActiveCfg = Release|Any CPU
		{9779C32A-A4FF-45DC-A5F2-85E73D98DACB}.Ad-Hoc|iPhoneSimulator.Build.0 = Release|Any CPU
		{9779C32A-A4FF-45DC-A5F2-85E73D98DACB}.Ad-Hoc|x64.ActiveCfg = Release|Any CPU
		{9779C32A-A4FF-45DC-A5F2-85E73D98DACB}.Ad-Hoc|x64.Build.0 = Release|Any CPU
		{9779C32A-A4FF-45DC-A5F2-85E73D98DACB}.Ad-Hoc|x86.ActiveCfg = Release|Any CPU
		{9779C32A-A4FF-45DC-A5F2-85E73D98DACB}.Ad-Hoc|x86.Build.0 = Release|Any CPU
		{9779C32A-A4FF-45DC-A5F2-85E73D98DACB}.AppStore|Any CPU.ActiveCfg = Release|Any CPU
		{9779C32A-A4FF-45DC-A5F2-85E73D98DACB}.AppStore|Any CPU.Build.0 = Release|Any CPU
		{9779C32A-A4FF-45DC-A5F2-85E73D98DACB}.AppStore|ARM.ActiveCfg = Release|Any CPU
		{9779C32A-A4FF-45DC-A5F2-85E73D98DACB}.AppStore|ARM.Build.0 = Release|Any CPU
		{9779C32A-A4FF-45DC-A5F2-85E73D98DACB}.AppStore|iPhone.ActiveCfg = Release|Any CPU
		{9779C32A-A4FF-45DC-A5F2-85E73D98DACB}.AppStore|iPhone.Build.0 = Release|Any CPU
		{9779C32A-A4FF-45DC-A5F2-85E73D98DACB}.AppStore|iPhoneSimulator.ActiveCfg = Release|Any CPU
		{9779C32A-A4FF-45DC-A5F2-85E73D98DACB}.AppStore|iPhoneSimulator.Build.0 = Release|Any CPU
		{9779C32A-A4FF-45DC-A5F2-85E73D98DACB}.AppStore|x64.ActiveCfg = Release|Any CPU
		{9779C32A-A4FF-45DC-A5F2-85E73D98DACB}.AppStore|x64.Build.0 = Release|Any CPU
		{9779C32A-A4FF-45DC-A5F2-85E73D98DACB}.AppStore|x86.ActiveCfg = Release|Any CPU
		{9779C32A-A4FF-45DC-A5F2-85E73D98DACB}.AppStore|x86.Build.0 = Release|Any CPU
		{9779C32A-A4FF-45DC-A5F2-85E73D98DACB}.Debug|Any CPU.ActiveCfg = Debug|Any CPU
		{9779C32A-A4FF-45DC-A5F2-85E73D98DACB}.Debug|Any CPU.Build.0 = Debug|Any CPU
		{9779C32A-A4FF-45DC-A5F2-85E73D98DACB}.Debug|ARM.ActiveCfg = Debug|Any CPU
		{9779C32A-A4FF-45DC-A5F2-85E73D98DACB}.Debug|ARM.Build.0 = Debug|Any CPU
		{9779C32A-A4FF-45DC-A5F2-85E73D98DACB}.Debug|iPhone.ActiveCfg = Debug|Any CPU
		{9779C32A-A4FF-45DC-A5F2-85E73D98DACB}.Debug|iPhone.Build.0 = Debug|Any CPU
		{9779C32A-A4FF-45DC-A5F2-85E73D98DACB}.Debug|iPhoneSimulator.ActiveCfg = Debug|Any CPU
		{9779C32A-A4FF-45DC-A5F2-85E73D98DACB}.Debug|iPhoneSimulator.Build.0 = Debug|Any CPU
		{9779C32A-A4FF-45DC-A5F2-85E73D98DACB}.Debug|x64.ActiveCfg = Debug|Any CPU
		{9779C32A-A4FF-45DC-A5F2-85E73D98DACB}.Debug|x64.Build.0 = Debug|Any CPU
		{9779C32A-A4FF-45DC-A5F2-85E73D98DACB}.Debug|x86.ActiveCfg = Debug|Any CPU
		{9779C32A-A4FF-45DC-A5F2-85E73D98DACB}.Debug|x86.Build.0 = Debug|Any CPU
		{9779C32A-A4FF-45DC-A5F2-85E73D98DACB}.Integration|Any CPU.ActiveCfg = Debug|Any CPU
		{9779C32A-A4FF-45DC-A5F2-85E73D98DACB}.Integration|Any CPU.Build.0 = Debug|Any CPU
		{9779C32A-A4FF-45DC-A5F2-85E73D98DACB}.Integration|ARM.ActiveCfg = Debug|Any CPU
		{9779C32A-A4FF-45DC-A5F2-85E73D98DACB}.Integration|ARM.Build.0 = Debug|Any CPU
		{9779C32A-A4FF-45DC-A5F2-85E73D98DACB}.Integration|iPhone.ActiveCfg = Debug|Any CPU
		{9779C32A-A4FF-45DC-A5F2-85E73D98DACB}.Integration|iPhone.Build.0 = Debug|Any CPU
		{9779C32A-A4FF-45DC-A5F2-85E73D98DACB}.Integration|iPhoneSimulator.ActiveCfg = Debug|Any CPU
		{9779C32A-A4FF-45DC-A5F2-85E73D98DACB}.Integration|iPhoneSimulator.Build.0 = Debug|Any CPU
		{9779C32A-A4FF-45DC-A5F2-85E73D98DACB}.Integration|x64.ActiveCfg = Debug|Any CPU
		{9779C32A-A4FF-45DC-A5F2-85E73D98DACB}.Integration|x64.Build.0 = Debug|Any CPU
		{9779C32A-A4FF-45DC-A5F2-85E73D98DACB}.Integration|x86.ActiveCfg = Debug|Any CPU
		{9779C32A-A4FF-45DC-A5F2-85E73D98DACB}.Integration|x86.Build.0 = Debug|Any CPU
		{9779C32A-A4FF-45DC-A5F2-85E73D98DACB}.Release|Any CPU.ActiveCfg = Release|Any CPU
		{9779C32A-A4FF-45DC-A5F2-85E73D98DACB}.Release|Any CPU.Build.0 = Release|Any CPU
		{9779C32A-A4FF-45DC-A5F2-85E73D98DACB}.Release|ARM.ActiveCfg = Release|Any CPU
		{9779C32A-A4FF-45DC-A5F2-85E73D98DACB}.Release|ARM.Build.0 = Release|Any CPU
		{9779C32A-A4FF-45DC-A5F2-85E73D98DACB}.Release|iPhone.ActiveCfg = Release|Any CPU
		{9779C32A-A4FF-45DC-A5F2-85E73D98DACB}.Release|iPhone.Build.0 = Release|Any CPU
		{9779C32A-A4FF-45DC-A5F2-85E73D98DACB}.Release|iPhoneSimulator.ActiveCfg = Release|Any CPU
		{9779C32A-A4FF-45DC-A5F2-85E73D98DACB}.Release|iPhoneSimulator.Build.0 = Release|Any CPU
		{9779C32A-A4FF-45DC-A5F2-85E73D98DACB}.Release|x64.ActiveCfg = Release|Any CPU
		{9779C32A-A4FF-45DC-A5F2-85E73D98DACB}.Release|x64.Build.0 = Release|Any CPU
		{9779C32A-A4FF-45DC-A5F2-85E73D98DACB}.Release|x86.ActiveCfg = Release|Any CPU
		{9779C32A-A4FF-45DC-A5F2-85E73D98DACB}.Release|x86.Build.0 = Release|Any CPU
		{D4BE731C-67E0-4600-8FD8-FE655778191F}.Ad-Hoc|Any CPU.ActiveCfg = Ad-Hoc|iPhone
		{D4BE731C-67E0-4600-8FD8-FE655778191F}.Ad-Hoc|ARM.ActiveCfg = Ad-Hoc|iPhone
		{D4BE731C-67E0-4600-8FD8-FE655778191F}.Ad-Hoc|iPhone.ActiveCfg = Ad-Hoc|iPhone
		{D4BE731C-67E0-4600-8FD8-FE655778191F}.Ad-Hoc|iPhone.Build.0 = Ad-Hoc|iPhone
		{D4BE731C-67E0-4600-8FD8-FE655778191F}.Ad-Hoc|iPhoneSimulator.ActiveCfg = Ad-Hoc|iPhoneSimulator
		{D4BE731C-67E0-4600-8FD8-FE655778191F}.Ad-Hoc|iPhoneSimulator.Build.0 = Ad-Hoc|iPhoneSimulator
		{D4BE731C-67E0-4600-8FD8-FE655778191F}.Ad-Hoc|x64.ActiveCfg = Ad-Hoc|iPhone
		{D4BE731C-67E0-4600-8FD8-FE655778191F}.Ad-Hoc|x86.ActiveCfg = Ad-Hoc|iPhone
		{D4BE731C-67E0-4600-8FD8-FE655778191F}.AppStore|Any CPU.ActiveCfg = AppStore|iPhone
		{D4BE731C-67E0-4600-8FD8-FE655778191F}.AppStore|ARM.ActiveCfg = AppStore|iPhone
		{D4BE731C-67E0-4600-8FD8-FE655778191F}.AppStore|iPhone.ActiveCfg = AppStore|iPhone
		{D4BE731C-67E0-4600-8FD8-FE655778191F}.AppStore|iPhone.Build.0 = AppStore|iPhone
		{D4BE731C-67E0-4600-8FD8-FE655778191F}.AppStore|iPhoneSimulator.ActiveCfg = AppStore|iPhoneSimulator
		{D4BE731C-67E0-4600-8FD8-FE655778191F}.AppStore|iPhoneSimulator.Build.0 = AppStore|iPhoneSimulator
		{D4BE731C-67E0-4600-8FD8-FE655778191F}.AppStore|x64.ActiveCfg = AppStore|iPhone
		{D4BE731C-67E0-4600-8FD8-FE655778191F}.AppStore|x86.ActiveCfg = AppStore|iPhone
		{D4BE731C-67E0-4600-8FD8-FE655778191F}.Debug|Any CPU.ActiveCfg = Debug|iPhone
		{D4BE731C-67E0-4600-8FD8-FE655778191F}.Debug|ARM.ActiveCfg = Debug|iPhone
		{D4BE731C-67E0-4600-8FD8-FE655778191F}.Debug|iPhone.ActiveCfg = Debug|iPhone
		{D4BE731C-67E0-4600-8FD8-FE655778191F}.Debug|iPhone.Build.0 = Debug|iPhone
		{D4BE731C-67E0-4600-8FD8-FE655778191F}.Debug|iPhoneSimulator.ActiveCfg = Debug|iPhoneSimulator
		{D4BE731C-67E0-4600-8FD8-FE655778191F}.Debug|iPhoneSimulator.Build.0 = Debug|iPhoneSimulator
		{D4BE731C-67E0-4600-8FD8-FE655778191F}.Debug|x64.ActiveCfg = Debug|iPhone
		{D4BE731C-67E0-4600-8FD8-FE655778191F}.Debug|x86.ActiveCfg = Debug|iPhone
		{D4BE731C-67E0-4600-8FD8-FE655778191F}.Integration|Any CPU.ActiveCfg = Release|iPhoneSimulator
		{D4BE731C-67E0-4600-8FD8-FE655778191F}.Integration|Any CPU.Build.0 = Release|iPhoneSimulator
		{D4BE731C-67E0-4600-8FD8-FE655778191F}.Integration|ARM.ActiveCfg = Release|iPhoneSimulator
		{D4BE731C-67E0-4600-8FD8-FE655778191F}.Integration|ARM.Build.0 = Release|iPhoneSimulator
		{D4BE731C-67E0-4600-8FD8-FE655778191F}.Integration|iPhone.ActiveCfg = Release|iPhone
		{D4BE731C-67E0-4600-8FD8-FE655778191F}.Integration|iPhone.Build.0 = Release|iPhone
		{D4BE731C-67E0-4600-8FD8-FE655778191F}.Integration|iPhoneSimulator.ActiveCfg = Release|iPhoneSimulator
		{D4BE731C-67E0-4600-8FD8-FE655778191F}.Integration|iPhoneSimulator.Build.0 = Release|iPhoneSimulator
		{D4BE731C-67E0-4600-8FD8-FE655778191F}.Integration|x64.ActiveCfg = Release|iPhoneSimulator
		{D4BE731C-67E0-4600-8FD8-FE655778191F}.Integration|x64.Build.0 = Release|iPhoneSimulator
		{D4BE731C-67E0-4600-8FD8-FE655778191F}.Integration|x86.ActiveCfg = Release|iPhoneSimulator
		{D4BE731C-67E0-4600-8FD8-FE655778191F}.Integration|x86.Build.0 = Release|iPhoneSimulator
		{D4BE731C-67E0-4600-8FD8-FE655778191F}.Release|Any CPU.ActiveCfg = Release|iPhone
		{D4BE731C-67E0-4600-8FD8-FE655778191F}.Release|ARM.ActiveCfg = Release|iPhone
		{D4BE731C-67E0-4600-8FD8-FE655778191F}.Release|iPhone.ActiveCfg = Release|iPhone
		{D4BE731C-67E0-4600-8FD8-FE655778191F}.Release|iPhone.Build.0 = Release|iPhone
		{D4BE731C-67E0-4600-8FD8-FE655778191F}.Release|iPhoneSimulator.ActiveCfg = Release|iPhoneSimulator
		{D4BE731C-67E0-4600-8FD8-FE655778191F}.Release|iPhoneSimulator.Build.0 = Release|iPhoneSimulator
		{D4BE731C-67E0-4600-8FD8-FE655778191F}.Release|x64.ActiveCfg = Release|iPhone
		{D4BE731C-67E0-4600-8FD8-FE655778191F}.Release|x86.ActiveCfg = Release|iPhone
		{B9E69605-6D50-48A6-A041-9D7C8DFDFF60}.Ad-Hoc|Any CPU.ActiveCfg = Release|x86
		{B9E69605-6D50-48A6-A041-9D7C8DFDFF60}.Ad-Hoc|Any CPU.Build.0 = Release|x86
		{B9E69605-6D50-48A6-A041-9D7C8DFDFF60}.Ad-Hoc|Any CPU.Deploy.0 = Release|x86
		{B9E69605-6D50-48A6-A041-9D7C8DFDFF60}.Ad-Hoc|ARM.ActiveCfg = Release|ARM
		{B9E69605-6D50-48A6-A041-9D7C8DFDFF60}.Ad-Hoc|ARM.Build.0 = Release|ARM
		{B9E69605-6D50-48A6-A041-9D7C8DFDFF60}.Ad-Hoc|ARM.Deploy.0 = Release|ARM
		{B9E69605-6D50-48A6-A041-9D7C8DFDFF60}.Ad-Hoc|iPhone.ActiveCfg = Release|x86
		{B9E69605-6D50-48A6-A041-9D7C8DFDFF60}.Ad-Hoc|iPhone.Build.0 = Release|x86
		{B9E69605-6D50-48A6-A041-9D7C8DFDFF60}.Ad-Hoc|iPhone.Deploy.0 = Release|x86
		{B9E69605-6D50-48A6-A041-9D7C8DFDFF60}.Ad-Hoc|iPhoneSimulator.ActiveCfg = Release|x86
		{B9E69605-6D50-48A6-A041-9D7C8DFDFF60}.Ad-Hoc|iPhoneSimulator.Build.0 = Release|x86
		{B9E69605-6D50-48A6-A041-9D7C8DFDFF60}.Ad-Hoc|iPhoneSimulator.Deploy.0 = Release|x86
		{B9E69605-6D50-48A6-A041-9D7C8DFDFF60}.Ad-Hoc|x64.ActiveCfg = Release|x64
		{B9E69605-6D50-48A6-A041-9D7C8DFDFF60}.Ad-Hoc|x64.Build.0 = Release|x64
		{B9E69605-6D50-48A6-A041-9D7C8DFDFF60}.Ad-Hoc|x64.Deploy.0 = Release|x64
		{B9E69605-6D50-48A6-A041-9D7C8DFDFF60}.Ad-Hoc|x86.ActiveCfg = Release|x86
		{B9E69605-6D50-48A6-A041-9D7C8DFDFF60}.Ad-Hoc|x86.Build.0 = Release|x86
		{B9E69605-6D50-48A6-A041-9D7C8DFDFF60}.Ad-Hoc|x86.Deploy.0 = Release|x86
		{B9E69605-6D50-48A6-A041-9D7C8DFDFF60}.AppStore|Any CPU.ActiveCfg = Release|x86
		{B9E69605-6D50-48A6-A041-9D7C8DFDFF60}.AppStore|Any CPU.Build.0 = Release|x86
		{B9E69605-6D50-48A6-A041-9D7C8DFDFF60}.AppStore|Any CPU.Deploy.0 = Release|x86
		{B9E69605-6D50-48A6-A041-9D7C8DFDFF60}.AppStore|ARM.ActiveCfg = Release|ARM
		{B9E69605-6D50-48A6-A041-9D7C8DFDFF60}.AppStore|ARM.Build.0 = Release|ARM
		{B9E69605-6D50-48A6-A041-9D7C8DFDFF60}.AppStore|ARM.Deploy.0 = Release|ARM
		{B9E69605-6D50-48A6-A041-9D7C8DFDFF60}.AppStore|iPhone.ActiveCfg = Release|x86
		{B9E69605-6D50-48A6-A041-9D7C8DFDFF60}.AppStore|iPhone.Build.0 = Release|x86
		{B9E69605-6D50-48A6-A041-9D7C8DFDFF60}.AppStore|iPhone.Deploy.0 = Release|x86
		{B9E69605-6D50-48A6-A041-9D7C8DFDFF60}.AppStore|iPhoneSimulator.ActiveCfg = Release|x86
		{B9E69605-6D50-48A6-A041-9D7C8DFDFF60}.AppStore|iPhoneSimulator.Build.0 = Release|x86
		{B9E69605-6D50-48A6-A041-9D7C8DFDFF60}.AppStore|iPhoneSimulator.Deploy.0 = Release|x86
		{B9E69605-6D50-48A6-A041-9D7C8DFDFF60}.AppStore|x64.ActiveCfg = Release|x64
		{B9E69605-6D50-48A6-A041-9D7C8DFDFF60}.AppStore|x64.Build.0 = Release|x64
		{B9E69605-6D50-48A6-A041-9D7C8DFDFF60}.AppStore|x64.Deploy.0 = Release|x64
		{B9E69605-6D50-48A6-A041-9D7C8DFDFF60}.AppStore|x86.ActiveCfg = Release|x86
		{B9E69605-6D50-48A6-A041-9D7C8DFDFF60}.AppStore|x86.Build.0 = Release|x86
		{B9E69605-6D50-48A6-A041-9D7C8DFDFF60}.AppStore|x86.Deploy.0 = Release|x86
		{B9E69605-6D50-48A6-A041-9D7C8DFDFF60}.Debug|Any CPU.ActiveCfg = Debug|x86
		{B9E69605-6D50-48A6-A041-9D7C8DFDFF60}.Debug|ARM.ActiveCfg = Debug|ARM
		{B9E69605-6D50-48A6-A041-9D7C8DFDFF60}.Debug|ARM.Build.0 = Debug|ARM
		{B9E69605-6D50-48A6-A041-9D7C8DFDFF60}.Debug|ARM.Deploy.0 = Debug|ARM
		{B9E69605-6D50-48A6-A041-9D7C8DFDFF60}.Debug|iPhone.ActiveCfg = Debug|x86
		{B9E69605-6D50-48A6-A041-9D7C8DFDFF60}.Debug|iPhoneSimulator.ActiveCfg = Debug|x86
		{B9E69605-6D50-48A6-A041-9D7C8DFDFF60}.Debug|x64.ActiveCfg = Debug|x64
		{B9E69605-6D50-48A6-A041-9D7C8DFDFF60}.Debug|x64.Build.0 = Debug|x64
		{B9E69605-6D50-48A6-A041-9D7C8DFDFF60}.Debug|x64.Deploy.0 = Debug|x64
		{B9E69605-6D50-48A6-A041-9D7C8DFDFF60}.Debug|x86.ActiveCfg = Debug|x86
		{B9E69605-6D50-48A6-A041-9D7C8DFDFF60}.Debug|x86.Build.0 = Debug|x86
		{B9E69605-6D50-48A6-A041-9D7C8DFDFF60}.Debug|x86.Deploy.0 = Debug|x86
		{B9E69605-6D50-48A6-A041-9D7C8DFDFF60}.Integration|Any CPU.ActiveCfg = Debug|x64
		{B9E69605-6D50-48A6-A041-9D7C8DFDFF60}.Integration|ARM.ActiveCfg = Debug|ARM
		{B9E69605-6D50-48A6-A041-9D7C8DFDFF60}.Integration|iPhone.ActiveCfg = Debug|x64
		{B9E69605-6D50-48A6-A041-9D7C8DFDFF60}.Integration|iPhoneSimulator.ActiveCfg = Debug|x64
		{B9E69605-6D50-48A6-A041-9D7C8DFDFF60}.Integration|x64.ActiveCfg = Debug|x64
		{B9E69605-6D50-48A6-A041-9D7C8DFDFF60}.Integration|x86.ActiveCfg = Debug|x86
		{B9E69605-6D50-48A6-A041-9D7C8DFDFF60}.Release|Any CPU.ActiveCfg = Release|x86
		{B9E69605-6D50-48A6-A041-9D7C8DFDFF60}.Release|ARM.ActiveCfg = Release|ARM
		{B9E69605-6D50-48A6-A041-9D7C8DFDFF60}.Release|ARM.Build.0 = Release|ARM
		{B9E69605-6D50-48A6-A041-9D7C8DFDFF60}.Release|ARM.Deploy.0 = Release|ARM
		{B9E69605-6D50-48A6-A041-9D7C8DFDFF60}.Release|iPhone.ActiveCfg = Release|x86
		{B9E69605-6D50-48A6-A041-9D7C8DFDFF60}.Release|iPhoneSimulator.ActiveCfg = Release|x86
		{B9E69605-6D50-48A6-A041-9D7C8DFDFF60}.Release|x64.ActiveCfg = Release|x64
		{B9E69605-6D50-48A6-A041-9D7C8DFDFF60}.Release|x64.Build.0 = Release|x64
		{B9E69605-6D50-48A6-A041-9D7C8DFDFF60}.Release|x64.Deploy.0 = Release|x64
		{B9E69605-6D50-48A6-A041-9D7C8DFDFF60}.Release|x86.ActiveCfg = Release|x86
		{B9E69605-6D50-48A6-A041-9D7C8DFDFF60}.Release|x86.Build.0 = Release|x86
		{B9E69605-6D50-48A6-A041-9D7C8DFDFF60}.Release|x86.Deploy.0 = Release|x86
		{37781828-6CC8-499D-9828-6D6D604D5E4D}.Ad-Hoc|Any CPU.ActiveCfg = Release|Any CPU
		{37781828-6CC8-499D-9828-6D6D604D5E4D}.Ad-Hoc|Any CPU.Build.0 = Release|Any CPU
		{37781828-6CC8-499D-9828-6D6D604D5E4D}.Ad-Hoc|Any CPU.Deploy.0 = Release|Any CPU
		{37781828-6CC8-499D-9828-6D6D604D5E4D}.Ad-Hoc|ARM.ActiveCfg = Release|Any CPU
		{37781828-6CC8-499D-9828-6D6D604D5E4D}.Ad-Hoc|ARM.Build.0 = Release|Any CPU
		{37781828-6CC8-499D-9828-6D6D604D5E4D}.Ad-Hoc|ARM.Deploy.0 = Release|Any CPU
		{37781828-6CC8-499D-9828-6D6D604D5E4D}.Ad-Hoc|iPhone.ActiveCfg = Release|Any CPU
		{37781828-6CC8-499D-9828-6D6D604D5E4D}.Ad-Hoc|iPhone.Build.0 = Release|Any CPU
		{37781828-6CC8-499D-9828-6D6D604D5E4D}.Ad-Hoc|iPhone.Deploy.0 = Release|Any CPU
		{37781828-6CC8-499D-9828-6D6D604D5E4D}.Ad-Hoc|iPhoneSimulator.ActiveCfg = Release|Any CPU
		{37781828-6CC8-499D-9828-6D6D604D5E4D}.Ad-Hoc|iPhoneSimulator.Build.0 = Release|Any CPU
		{37781828-6CC8-499D-9828-6D6D604D5E4D}.Ad-Hoc|iPhoneSimulator.Deploy.0 = Release|Any CPU
		{37781828-6CC8-499D-9828-6D6D604D5E4D}.Ad-Hoc|x64.ActiveCfg = Release|Any CPU
		{37781828-6CC8-499D-9828-6D6D604D5E4D}.Ad-Hoc|x64.Build.0 = Release|Any CPU
		{37781828-6CC8-499D-9828-6D6D604D5E4D}.Ad-Hoc|x64.Deploy.0 = Release|Any CPU
		{37781828-6CC8-499D-9828-6D6D604D5E4D}.Ad-Hoc|x86.ActiveCfg = Release|Any CPU
		{37781828-6CC8-499D-9828-6D6D604D5E4D}.Ad-Hoc|x86.Build.0 = Release|Any CPU
		{37781828-6CC8-499D-9828-6D6D604D5E4D}.Ad-Hoc|x86.Deploy.0 = Release|Any CPU
		{37781828-6CC8-499D-9828-6D6D604D5E4D}.AppStore|Any CPU.ActiveCfg = Release|Any CPU
		{37781828-6CC8-499D-9828-6D6D604D5E4D}.AppStore|Any CPU.Build.0 = Release|Any CPU
		{37781828-6CC8-499D-9828-6D6D604D5E4D}.AppStore|Any CPU.Deploy.0 = Release|Any CPU
		{37781828-6CC8-499D-9828-6D6D604D5E4D}.AppStore|ARM.ActiveCfg = Release|Any CPU
		{37781828-6CC8-499D-9828-6D6D604D5E4D}.AppStore|ARM.Build.0 = Release|Any CPU
		{37781828-6CC8-499D-9828-6D6D604D5E4D}.AppStore|ARM.Deploy.0 = Release|Any CPU
		{37781828-6CC8-499D-9828-6D6D604D5E4D}.AppStore|iPhone.ActiveCfg = Release|Any CPU
		{37781828-6CC8-499D-9828-6D6D604D5E4D}.AppStore|iPhone.Build.0 = Release|Any CPU
		{37781828-6CC8-499D-9828-6D6D604D5E4D}.AppStore|iPhone.Deploy.0 = Release|Any CPU
		{37781828-6CC8-499D-9828-6D6D604D5E4D}.AppStore|iPhoneSimulator.ActiveCfg = Release|Any CPU
		{37781828-6CC8-499D-9828-6D6D604D5E4D}.AppStore|iPhoneSimulator.Build.0 = Release|Any CPU
		{37781828-6CC8-499D-9828-6D6D604D5E4D}.AppStore|iPhoneSimulator.Deploy.0 = Release|Any CPU
		{37781828-6CC8-499D-9828-6D6D604D5E4D}.AppStore|x64.ActiveCfg = Release|Any CPU
		{37781828-6CC8-499D-9828-6D6D604D5E4D}.AppStore|x64.Build.0 = Release|Any CPU
		{37781828-6CC8-499D-9828-6D6D604D5E4D}.AppStore|x64.Deploy.0 = Release|Any CPU
		{37781828-6CC8-499D-9828-6D6D604D5E4D}.AppStore|x86.ActiveCfg = Release|Any CPU
		{37781828-6CC8-499D-9828-6D6D604D5E4D}.AppStore|x86.Build.0 = Release|Any CPU
		{37781828-6CC8-499D-9828-6D6D604D5E4D}.AppStore|x86.Deploy.0 = Release|Any CPU
		{37781828-6CC8-499D-9828-6D6D604D5E4D}.Debug|Any CPU.ActiveCfg = Debug|Any CPU
		{37781828-6CC8-499D-9828-6D6D604D5E4D}.Debug|Any CPU.Build.0 = Debug|Any CPU
		{37781828-6CC8-499D-9828-6D6D604D5E4D}.Debug|Any CPU.Deploy.0 = Debug|Any CPU
		{37781828-6CC8-499D-9828-6D6D604D5E4D}.Debug|ARM.ActiveCfg = Debug|Any CPU
		{37781828-6CC8-499D-9828-6D6D604D5E4D}.Debug|ARM.Build.0 = Debug|Any CPU
		{37781828-6CC8-499D-9828-6D6D604D5E4D}.Debug|ARM.Deploy.0 = Debug|Any CPU
		{37781828-6CC8-499D-9828-6D6D604D5E4D}.Debug|iPhone.ActiveCfg = Debug|Any CPU
		{37781828-6CC8-499D-9828-6D6D604D5E4D}.Debug|iPhone.Build.0 = Debug|Any CPU
		{37781828-6CC8-499D-9828-6D6D604D5E4D}.Debug|iPhone.Deploy.0 = Debug|Any CPU
		{37781828-6CC8-499D-9828-6D6D604D5E4D}.Debug|iPhoneSimulator.ActiveCfg = Debug|Any CPU
		{37781828-6CC8-499D-9828-6D6D604D5E4D}.Debug|iPhoneSimulator.Build.0 = Debug|Any CPU
		{37781828-6CC8-499D-9828-6D6D604D5E4D}.Debug|iPhoneSimulator.Deploy.0 = Debug|Any CPU
		{37781828-6CC8-499D-9828-6D6D604D5E4D}.Debug|x64.ActiveCfg = Debug|Any CPU
		{37781828-6CC8-499D-9828-6D6D604D5E4D}.Debug|x64.Build.0 = Debug|Any CPU
		{37781828-6CC8-499D-9828-6D6D604D5E4D}.Debug|x64.Deploy.0 = Debug|Any CPU
		{37781828-6CC8-499D-9828-6D6D604D5E4D}.Debug|x86.ActiveCfg = Debug|Any CPU
		{37781828-6CC8-499D-9828-6D6D604D5E4D}.Debug|x86.Build.0 = Debug|Any CPU
		{37781828-6CC8-499D-9828-6D6D604D5E4D}.Debug|x86.Deploy.0 = Debug|Any CPU
		{37781828-6CC8-499D-9828-6D6D604D5E4D}.Integration|Any CPU.ActiveCfg = Debug|Any CPU
		{37781828-6CC8-499D-9828-6D6D604D5E4D}.Integration|Any CPU.Build.0 = Debug|Any CPU
		{37781828-6CC8-499D-9828-6D6D604D5E4D}.Integration|Any CPU.Deploy.0 = Debug|Any CPU
		{37781828-6CC8-499D-9828-6D6D604D5E4D}.Integration|ARM.ActiveCfg = Debug|Any CPU
		{37781828-6CC8-499D-9828-6D6D604D5E4D}.Integration|ARM.Build.0 = Debug|Any CPU
		{37781828-6CC8-499D-9828-6D6D604D5E4D}.Integration|ARM.Deploy.0 = Debug|Any CPU
		{37781828-6CC8-499D-9828-6D6D604D5E4D}.Integration|iPhone.ActiveCfg = Debug|Any CPU
		{37781828-6CC8-499D-9828-6D6D604D5E4D}.Integration|iPhone.Build.0 = Debug|Any CPU
		{37781828-6CC8-499D-9828-6D6D604D5E4D}.Integration|iPhone.Deploy.0 = Debug|Any CPU
		{37781828-6CC8-499D-9828-6D6D604D5E4D}.Integration|iPhoneSimulator.ActiveCfg = Debug|Any CPU
		{37781828-6CC8-499D-9828-6D6D604D5E4D}.Integration|iPhoneSimulator.Build.0 = Debug|Any CPU
		{37781828-6CC8-499D-9828-6D6D604D5E4D}.Integration|iPhoneSimulator.Deploy.0 = Debug|Any CPU
		{37781828-6CC8-499D-9828-6D6D604D5E4D}.Integration|x64.ActiveCfg = Debug|Any CPU
		{37781828-6CC8-499D-9828-6D6D604D5E4D}.Integration|x64.Build.0 = Debug|Any CPU
		{37781828-6CC8-499D-9828-6D6D604D5E4D}.Integration|x64.Deploy.0 = Debug|Any CPU
		{37781828-6CC8-499D-9828-6D6D604D5E4D}.Integration|x86.ActiveCfg = Debug|Any CPU
		{37781828-6CC8-499D-9828-6D6D604D5E4D}.Integration|x86.Build.0 = Debug|Any CPU
		{37781828-6CC8-499D-9828-6D6D604D5E4D}.Integration|x86.Deploy.0 = Debug|Any CPU
		{37781828-6CC8-499D-9828-6D6D604D5E4D}.Release|Any CPU.ActiveCfg = Release|Any CPU
		{37781828-6CC8-499D-9828-6D6D604D5E4D}.Release|Any CPU.Build.0 = Release|Any CPU
		{37781828-6CC8-499D-9828-6D6D604D5E4D}.Release|Any CPU.Deploy.0 = Release|Any CPU
		{37781828-6CC8-499D-9828-6D6D604D5E4D}.Release|ARM.ActiveCfg = Release|Any CPU
		{37781828-6CC8-499D-9828-6D6D604D5E4D}.Release|ARM.Build.0 = Release|Any CPU
		{37781828-6CC8-499D-9828-6D6D604D5E4D}.Release|ARM.Deploy.0 = Release|Any CPU
		{37781828-6CC8-499D-9828-6D6D604D5E4D}.Release|iPhone.ActiveCfg = Release|Any CPU
		{37781828-6CC8-499D-9828-6D6D604D5E4D}.Release|iPhone.Build.0 = Release|Any CPU
		{37781828-6CC8-499D-9828-6D6D604D5E4D}.Release|iPhone.Deploy.0 = Release|Any CPU
		{37781828-6CC8-499D-9828-6D6D604D5E4D}.Release|iPhoneSimulator.ActiveCfg = Release|Any CPU
		{37781828-6CC8-499D-9828-6D6D604D5E4D}.Release|iPhoneSimulator.Build.0 = Release|Any CPU
		{37781828-6CC8-499D-9828-6D6D604D5E4D}.Release|iPhoneSimulator.Deploy.0 = Release|Any CPU
		{37781828-6CC8-499D-9828-6D6D604D5E4D}.Release|x64.ActiveCfg = Release|Any CPU
		{37781828-6CC8-499D-9828-6D6D604D5E4D}.Release|x64.Build.0 = Release|Any CPU
		{37781828-6CC8-499D-9828-6D6D604D5E4D}.Release|x64.Deploy.0 = Release|Any CPU
		{37781828-6CC8-499D-9828-6D6D604D5E4D}.Release|x86.ActiveCfg = Release|Any CPU
		{37781828-6CC8-499D-9828-6D6D604D5E4D}.Release|x86.Build.0 = Release|Any CPU
		{37781828-6CC8-499D-9828-6D6D604D5E4D}.Release|x86.Deploy.0 = Release|Any CPU
		{FE28A9EA-0E6F-4332-B86A-E6178A654986}.Ad-Hoc|Any CPU.ActiveCfg = Release|Any CPU
		{FE28A9EA-0E6F-4332-B86A-E6178A654986}.Ad-Hoc|Any CPU.Build.0 = Release|Any CPU
		{FE28A9EA-0E6F-4332-B86A-E6178A654986}.Ad-Hoc|ARM.ActiveCfg = Release|Any CPU
		{FE28A9EA-0E6F-4332-B86A-E6178A654986}.Ad-Hoc|ARM.Build.0 = Release|Any CPU
		{FE28A9EA-0E6F-4332-B86A-E6178A654986}.Ad-Hoc|iPhone.ActiveCfg = Release|Any CPU
		{FE28A9EA-0E6F-4332-B86A-E6178A654986}.Ad-Hoc|iPhone.Build.0 = Release|Any CPU
		{FE28A9EA-0E6F-4332-B86A-E6178A654986}.Ad-Hoc|iPhoneSimulator.ActiveCfg = Release|Any CPU
		{FE28A9EA-0E6F-4332-B86A-E6178A654986}.Ad-Hoc|iPhoneSimulator.Build.0 = Release|Any CPU
		{FE28A9EA-0E6F-4332-B86A-E6178A654986}.Ad-Hoc|x64.ActiveCfg = Release|Any CPU
		{FE28A9EA-0E6F-4332-B86A-E6178A654986}.Ad-Hoc|x64.Build.0 = Release|Any CPU
		{FE28A9EA-0E6F-4332-B86A-E6178A654986}.Ad-Hoc|x86.ActiveCfg = Release|Any CPU
		{FE28A9EA-0E6F-4332-B86A-E6178A654986}.Ad-Hoc|x86.Build.0 = Release|Any CPU
		{FE28A9EA-0E6F-4332-B86A-E6178A654986}.AppStore|Any CPU.ActiveCfg = Release|Any CPU
		{FE28A9EA-0E6F-4332-B86A-E6178A654986}.AppStore|Any CPU.Build.0 = Release|Any CPU
		{FE28A9EA-0E6F-4332-B86A-E6178A654986}.AppStore|ARM.ActiveCfg = Release|Any CPU
		{FE28A9EA-0E6F-4332-B86A-E6178A654986}.AppStore|ARM.Build.0 = Release|Any CPU
		{FE28A9EA-0E6F-4332-B86A-E6178A654986}.AppStore|iPhone.ActiveCfg = Release|Any CPU
		{FE28A9EA-0E6F-4332-B86A-E6178A654986}.AppStore|iPhone.Build.0 = Release|Any CPU
		{FE28A9EA-0E6F-4332-B86A-E6178A654986}.AppStore|iPhoneSimulator.ActiveCfg = Release|Any CPU
		{FE28A9EA-0E6F-4332-B86A-E6178A654986}.AppStore|iPhoneSimulator.Build.0 = Release|Any CPU
		{FE28A9EA-0E6F-4332-B86A-E6178A654986}.AppStore|x64.ActiveCfg = Release|Any CPU
		{FE28A9EA-0E6F-4332-B86A-E6178A654986}.AppStore|x64.Build.0 = Release|Any CPU
		{FE28A9EA-0E6F-4332-B86A-E6178A654986}.AppStore|x86.ActiveCfg = Release|Any CPU
		{FE28A9EA-0E6F-4332-B86A-E6178A654986}.AppStore|x86.Build.0 = Release|Any CPU
		{FE28A9EA-0E6F-4332-B86A-E6178A654986}.Debug|Any CPU.ActiveCfg = Debug|Any CPU
		{FE28A9EA-0E6F-4332-B86A-E6178A654986}.Debug|Any CPU.Build.0 = Debug|Any CPU
		{FE28A9EA-0E6F-4332-B86A-E6178A654986}.Debug|ARM.ActiveCfg = Debug|Any CPU
		{FE28A9EA-0E6F-4332-B86A-E6178A654986}.Debug|ARM.Build.0 = Debug|Any CPU
		{FE28A9EA-0E6F-4332-B86A-E6178A654986}.Debug|iPhone.ActiveCfg = Debug|Any CPU
		{FE28A9EA-0E6F-4332-B86A-E6178A654986}.Debug|iPhone.Build.0 = Debug|Any CPU
		{FE28A9EA-0E6F-4332-B86A-E6178A654986}.Debug|iPhoneSimulator.ActiveCfg = Debug|Any CPU
		{FE28A9EA-0E6F-4332-B86A-E6178A654986}.Debug|iPhoneSimulator.Build.0 = Debug|Any CPU
		{FE28A9EA-0E6F-4332-B86A-E6178A654986}.Debug|x64.ActiveCfg = Debug|Any CPU
		{FE28A9EA-0E6F-4332-B86A-E6178A654986}.Debug|x64.Build.0 = Debug|Any CPU
		{FE28A9EA-0E6F-4332-B86A-E6178A654986}.Debug|x86.ActiveCfg = Debug|Any CPU
		{FE28A9EA-0E6F-4332-B86A-E6178A654986}.Debug|x86.Build.0 = Debug|Any CPU
		{FE28A9EA-0E6F-4332-B86A-E6178A654986}.Integration|Any CPU.ActiveCfg = Integration|Any CPU
		{FE28A9EA-0E6F-4332-B86A-E6178A654986}.Integration|Any CPU.Build.0 = Integration|Any CPU
		{FE28A9EA-0E6F-4332-B86A-E6178A654986}.Integration|ARM.ActiveCfg = Integration|Any CPU
		{FE28A9EA-0E6F-4332-B86A-E6178A654986}.Integration|ARM.Build.0 = Integration|Any CPU
		{FE28A9EA-0E6F-4332-B86A-E6178A654986}.Integration|iPhone.ActiveCfg = Integration|Any CPU
		{FE28A9EA-0E6F-4332-B86A-E6178A654986}.Integration|iPhone.Build.0 = Integration|Any CPU
		{FE28A9EA-0E6F-4332-B86A-E6178A654986}.Integration|iPhoneSimulator.ActiveCfg = Integration|Any CPU
		{FE28A9EA-0E6F-4332-B86A-E6178A654986}.Integration|iPhoneSimulator.Build.0 = Integration|Any CPU
		{FE28A9EA-0E6F-4332-B86A-E6178A654986}.Integration|x64.ActiveCfg = Integration|Any CPU
		{FE28A9EA-0E6F-4332-B86A-E6178A654986}.Integration|x64.Build.0 = Integration|Any CPU
		{FE28A9EA-0E6F-4332-B86A-E6178A654986}.Integration|x86.ActiveCfg = Integration|Any CPU
		{FE28A9EA-0E6F-4332-B86A-E6178A654986}.Integration|x86.Build.0 = Integration|Any CPU
		{FE28A9EA-0E6F-4332-B86A-E6178A654986}.Release|Any CPU.ActiveCfg = Release|Any CPU
		{FE28A9EA-0E6F-4332-B86A-E6178A654986}.Release|Any CPU.Build.0 = Release|Any CPU
		{FE28A9EA-0E6F-4332-B86A-E6178A654986}.Release|ARM.ActiveCfg = Release|Any CPU
		{FE28A9EA-0E6F-4332-B86A-E6178A654986}.Release|ARM.Build.0 = Release|Any CPU
		{FE28A9EA-0E6F-4332-B86A-E6178A654986}.Release|iPhone.ActiveCfg = Release|Any CPU
		{FE28A9EA-0E6F-4332-B86A-E6178A654986}.Release|iPhone.Build.0 = Release|Any CPU
		{FE28A9EA-0E6F-4332-B86A-E6178A654986}.Release|iPhoneSimulator.ActiveCfg = Release|Any CPU
		{FE28A9EA-0E6F-4332-B86A-E6178A654986}.Release|iPhoneSimulator.Build.0 = Release|Any CPU
		{FE28A9EA-0E6F-4332-B86A-E6178A654986}.Release|x64.ActiveCfg = Release|Any CPU
		{FE28A9EA-0E6F-4332-B86A-E6178A654986}.Release|x64.Build.0 = Release|Any CPU
		{FE28A9EA-0E6F-4332-B86A-E6178A654986}.Release|x86.ActiveCfg = Release|Any CPU
		{FE28A9EA-0E6F-4332-B86A-E6178A654986}.Release|x86.Build.0 = Release|Any CPU
		{1176F48D-ED61-451B-8BBF-88CD0D02586F}.Ad-Hoc|Any CPU.ActiveCfg = Release|Any CPU
		{1176F48D-ED61-451B-8BBF-88CD0D02586F}.Ad-Hoc|Any CPU.Build.0 = Release|Any CPU
		{1176F48D-ED61-451B-8BBF-88CD0D02586F}.Ad-Hoc|ARM.ActiveCfg = Release|Any CPU
		{1176F48D-ED61-451B-8BBF-88CD0D02586F}.Ad-Hoc|ARM.Build.0 = Release|Any CPU
		{1176F48D-ED61-451B-8BBF-88CD0D02586F}.Ad-Hoc|iPhone.ActiveCfg = Release|Any CPU
		{1176F48D-ED61-451B-8BBF-88CD0D02586F}.Ad-Hoc|iPhone.Build.0 = Release|Any CPU
		{1176F48D-ED61-451B-8BBF-88CD0D02586F}.Ad-Hoc|iPhoneSimulator.ActiveCfg = Release|Any CPU
		{1176F48D-ED61-451B-8BBF-88CD0D02586F}.Ad-Hoc|iPhoneSimulator.Build.0 = Release|Any CPU
		{1176F48D-ED61-451B-8BBF-88CD0D02586F}.Ad-Hoc|x64.ActiveCfg = Release|Any CPU
		{1176F48D-ED61-451B-8BBF-88CD0D02586F}.Ad-Hoc|x64.Build.0 = Release|Any CPU
		{1176F48D-ED61-451B-8BBF-88CD0D02586F}.Ad-Hoc|x86.ActiveCfg = Release|Any CPU
		{1176F48D-ED61-451B-8BBF-88CD0D02586F}.Ad-Hoc|x86.Build.0 = Release|Any CPU
		{1176F48D-ED61-451B-8BBF-88CD0D02586F}.AppStore|Any CPU.ActiveCfg = Release|Any CPU
		{1176F48D-ED61-451B-8BBF-88CD0D02586F}.AppStore|Any CPU.Build.0 = Release|Any CPU
		{1176F48D-ED61-451B-8BBF-88CD0D02586F}.AppStore|ARM.ActiveCfg = Release|Any CPU
		{1176F48D-ED61-451B-8BBF-88CD0D02586F}.AppStore|ARM.Build.0 = Release|Any CPU
		{1176F48D-ED61-451B-8BBF-88CD0D02586F}.AppStore|iPhone.ActiveCfg = Release|Any CPU
		{1176F48D-ED61-451B-8BBF-88CD0D02586F}.AppStore|iPhone.Build.0 = Release|Any CPU
		{1176F48D-ED61-451B-8BBF-88CD0D02586F}.AppStore|iPhoneSimulator.ActiveCfg = Release|Any CPU
		{1176F48D-ED61-451B-8BBF-88CD0D02586F}.AppStore|iPhoneSimulator.Build.0 = Release|Any CPU
		{1176F48D-ED61-451B-8BBF-88CD0D02586F}.AppStore|x64.ActiveCfg = Release|Any CPU
		{1176F48D-ED61-451B-8BBF-88CD0D02586F}.AppStore|x64.Build.0 = Release|Any CPU
		{1176F48D-ED61-451B-8BBF-88CD0D02586F}.AppStore|x86.ActiveCfg = Release|Any CPU
		{1176F48D-ED61-451B-8BBF-88CD0D02586F}.AppStore|x86.Build.0 = Release|Any CPU
		{1176F48D-ED61-451B-8BBF-88CD0D02586F}.Debug|Any CPU.ActiveCfg = Debug|Any CPU
		{1176F48D-ED61-451B-8BBF-88CD0D02586F}.Debug|Any CPU.Build.0 = Debug|Any CPU
		{1176F48D-ED61-451B-8BBF-88CD0D02586F}.Debug|ARM.ActiveCfg = Debug|Any CPU
		{1176F48D-ED61-451B-8BBF-88CD0D02586F}.Debug|ARM.Build.0 = Debug|Any CPU
		{1176F48D-ED61-451B-8BBF-88CD0D02586F}.Debug|iPhone.ActiveCfg = Debug|Any CPU
		{1176F48D-ED61-451B-8BBF-88CD0D02586F}.Debug|iPhone.Build.0 = Debug|Any CPU
		{1176F48D-ED61-451B-8BBF-88CD0D02586F}.Debug|iPhoneSimulator.ActiveCfg = Debug|Any CPU
		{1176F48D-ED61-451B-8BBF-88CD0D02586F}.Debug|iPhoneSimulator.Build.0 = Debug|Any CPU
		{1176F48D-ED61-451B-8BBF-88CD0D02586F}.Debug|x64.ActiveCfg = Debug|Any CPU
		{1176F48D-ED61-451B-8BBF-88CD0D02586F}.Debug|x64.Build.0 = Debug|Any CPU
		{1176F48D-ED61-451B-8BBF-88CD0D02586F}.Debug|x86.ActiveCfg = Debug|Any CPU
		{1176F48D-ED61-451B-8BBF-88CD0D02586F}.Debug|x86.Build.0 = Debug|Any CPU
		{1176F48D-ED61-451B-8BBF-88CD0D02586F}.Integration|Any CPU.ActiveCfg = Integration|Any CPU
		{1176F48D-ED61-451B-8BBF-88CD0D02586F}.Integration|Any CPU.Build.0 = Integration|Any CPU
		{1176F48D-ED61-451B-8BBF-88CD0D02586F}.Integration|ARM.ActiveCfg = Integration|Any CPU
		{1176F48D-ED61-451B-8BBF-88CD0D02586F}.Integration|ARM.Build.0 = Integration|Any CPU
		{1176F48D-ED61-451B-8BBF-88CD0D02586F}.Integration|iPhone.ActiveCfg = Integration|Any CPU
		{1176F48D-ED61-451B-8BBF-88CD0D02586F}.Integration|iPhone.Build.0 = Integration|Any CPU
		{1176F48D-ED61-451B-8BBF-88CD0D02586F}.Integration|iPhoneSimulator.ActiveCfg = Integration|Any CPU
		{1176F48D-ED61-451B-8BBF-88CD0D02586F}.Integration|iPhoneSimulator.Build.0 = Integration|Any CPU
		{1176F48D-ED61-451B-8BBF-88CD0D02586F}.Integration|x64.ActiveCfg = Integration|Any CPU
		{1176F48D-ED61-451B-8BBF-88CD0D02586F}.Integration|x64.Build.0 = Integration|Any CPU
		{1176F48D-ED61-451B-8BBF-88CD0D02586F}.Integration|x86.ActiveCfg = Integration|Any CPU
		{1176F48D-ED61-451B-8BBF-88CD0D02586F}.Integration|x86.Build.0 = Integration|Any CPU
		{1176F48D-ED61-451B-8BBF-88CD0D02586F}.Release|Any CPU.ActiveCfg = Release|Any CPU
		{1176F48D-ED61-451B-8BBF-88CD0D02586F}.Release|Any CPU.Build.0 = Release|Any CPU
		{1176F48D-ED61-451B-8BBF-88CD0D02586F}.Release|ARM.ActiveCfg = Release|Any CPU
		{1176F48D-ED61-451B-8BBF-88CD0D02586F}.Release|ARM.Build.0 = Release|Any CPU
		{1176F48D-ED61-451B-8BBF-88CD0D02586F}.Release|iPhone.ActiveCfg = Release|Any CPU
		{1176F48D-ED61-451B-8BBF-88CD0D02586F}.Release|iPhone.Build.0 = Release|Any CPU
		{1176F48D-ED61-451B-8BBF-88CD0D02586F}.Release|iPhoneSimulator.ActiveCfg = Release|Any CPU
		{1176F48D-ED61-451B-8BBF-88CD0D02586F}.Release|iPhoneSimulator.Build.0 = Release|Any CPU
		{1176F48D-ED61-451B-8BBF-88CD0D02586F}.Release|x64.ActiveCfg = Release|Any CPU
		{1176F48D-ED61-451B-8BBF-88CD0D02586F}.Release|x64.Build.0 = Release|Any CPU
		{1176F48D-ED61-451B-8BBF-88CD0D02586F}.Release|x86.ActiveCfg = Release|Any CPU
		{1176F48D-ED61-451B-8BBF-88CD0D02586F}.Release|x86.Build.0 = Release|Any CPU
		{5ACC425B-AE61-4A66-9530-3B18898EC816}.Ad-Hoc|Any CPU.ActiveCfg = Release|Any CPU
		{5ACC425B-AE61-4A66-9530-3B18898EC816}.Ad-Hoc|Any CPU.Build.0 = Release|Any CPU
		{5ACC425B-AE61-4A66-9530-3B18898EC816}.Ad-Hoc|ARM.ActiveCfg = Release|Any CPU
		{5ACC425B-AE61-4A66-9530-3B18898EC816}.Ad-Hoc|ARM.Build.0 = Release|Any CPU
		{5ACC425B-AE61-4A66-9530-3B18898EC816}.Ad-Hoc|iPhone.ActiveCfg = Release|Any CPU
		{5ACC425B-AE61-4A66-9530-3B18898EC816}.Ad-Hoc|iPhone.Build.0 = Release|Any CPU
		{5ACC425B-AE61-4A66-9530-3B18898EC816}.Ad-Hoc|iPhoneSimulator.ActiveCfg = Release|Any CPU
		{5ACC425B-AE61-4A66-9530-3B18898EC816}.Ad-Hoc|iPhoneSimulator.Build.0 = Release|Any CPU
		{5ACC425B-AE61-4A66-9530-3B18898EC816}.Ad-Hoc|x64.ActiveCfg = Release|Any CPU
		{5ACC425B-AE61-4A66-9530-3B18898EC816}.Ad-Hoc|x64.Build.0 = Release|Any CPU
		{5ACC425B-AE61-4A66-9530-3B18898EC816}.Ad-Hoc|x86.ActiveCfg = Release|Any CPU
		{5ACC425B-AE61-4A66-9530-3B18898EC816}.Ad-Hoc|x86.Build.0 = Release|Any CPU
		{5ACC425B-AE61-4A66-9530-3B18898EC816}.AppStore|Any CPU.ActiveCfg = Release|Any CPU
		{5ACC425B-AE61-4A66-9530-3B18898EC816}.AppStore|Any CPU.Build.0 = Release|Any CPU
		{5ACC425B-AE61-4A66-9530-3B18898EC816}.AppStore|ARM.ActiveCfg = Release|Any CPU
		{5ACC425B-AE61-4A66-9530-3B18898EC816}.AppStore|ARM.Build.0 = Release|Any CPU
		{5ACC425B-AE61-4A66-9530-3B18898EC816}.AppStore|iPhone.ActiveCfg = Release|Any CPU
		{5ACC425B-AE61-4A66-9530-3B18898EC816}.AppStore|iPhone.Build.0 = Release|Any CPU
		{5ACC425B-AE61-4A66-9530-3B18898EC816}.AppStore|iPhoneSimulator.ActiveCfg = Release|Any CPU
		{5ACC425B-AE61-4A66-9530-3B18898EC816}.AppStore|iPhoneSimulator.Build.0 = Release|Any CPU
		{5ACC425B-AE61-4A66-9530-3B18898EC816}.AppStore|x64.ActiveCfg = Release|Any CPU
		{5ACC425B-AE61-4A66-9530-3B18898EC816}.AppStore|x64.Build.0 = Release|Any CPU
		{5ACC425B-AE61-4A66-9530-3B18898EC816}.AppStore|x86.ActiveCfg = Release|Any CPU
		{5ACC425B-AE61-4A66-9530-3B18898EC816}.AppStore|x86.Build.0 = Release|Any CPU
		{5ACC425B-AE61-4A66-9530-3B18898EC816}.Debug|Any CPU.ActiveCfg = Debug|Any CPU
		{5ACC425B-AE61-4A66-9530-3B18898EC816}.Debug|Any CPU.Build.0 = Debug|Any CPU
		{5ACC425B-AE61-4A66-9530-3B18898EC816}.Debug|ARM.ActiveCfg = Debug|Any CPU
		{5ACC425B-AE61-4A66-9530-3B18898EC816}.Debug|ARM.Build.0 = Debug|Any CPU
		{5ACC425B-AE61-4A66-9530-3B18898EC816}.Debug|iPhone.ActiveCfg = Debug|Any CPU
		{5ACC425B-AE61-4A66-9530-3B18898EC816}.Debug|iPhone.Build.0 = Debug|Any CPU
		{5ACC425B-AE61-4A66-9530-3B18898EC816}.Debug|iPhoneSimulator.ActiveCfg = Debug|Any CPU
		{5ACC425B-AE61-4A66-9530-3B18898EC816}.Debug|iPhoneSimulator.Build.0 = Debug|Any CPU
		{5ACC425B-AE61-4A66-9530-3B18898EC816}.Debug|x64.ActiveCfg = Debug|Any CPU
		{5ACC425B-AE61-4A66-9530-3B18898EC816}.Debug|x64.Build.0 = Debug|Any CPU
		{5ACC425B-AE61-4A66-9530-3B18898EC816}.Debug|x86.ActiveCfg = Debug|Any CPU
		{5ACC425B-AE61-4A66-9530-3B18898EC816}.Debug|x86.Build.0 = Debug|Any CPU
		{5ACC425B-AE61-4A66-9530-3B18898EC816}.Integration|Any CPU.ActiveCfg = Integration|Any CPU
		{5ACC425B-AE61-4A66-9530-3B18898EC816}.Integration|Any CPU.Build.0 = Integration|Any CPU
		{5ACC425B-AE61-4A66-9530-3B18898EC816}.Integration|ARM.ActiveCfg = Integration|Any CPU
		{5ACC425B-AE61-4A66-9530-3B18898EC816}.Integration|ARM.Build.0 = Integration|Any CPU
		{5ACC425B-AE61-4A66-9530-3B18898EC816}.Integration|iPhone.ActiveCfg = Integration|Any CPU
		{5ACC425B-AE61-4A66-9530-3B18898EC816}.Integration|iPhone.Build.0 = Integration|Any CPU
		{5ACC425B-AE61-4A66-9530-3B18898EC816}.Integration|iPhoneSimulator.ActiveCfg = Integration|Any CPU
		{5ACC425B-AE61-4A66-9530-3B18898EC816}.Integration|iPhoneSimulator.Build.0 = Integration|Any CPU
		{5ACC425B-AE61-4A66-9530-3B18898EC816}.Integration|x64.ActiveCfg = Integration|Any CPU
		{5ACC425B-AE61-4A66-9530-3B18898EC816}.Integration|x64.Build.0 = Integration|Any CPU
		{5ACC425B-AE61-4A66-9530-3B18898EC816}.Integration|x86.ActiveCfg = Integration|Any CPU
		{5ACC425B-AE61-4A66-9530-3B18898EC816}.Integration|x86.Build.0 = Integration|Any CPU
		{5ACC425B-AE61-4A66-9530-3B18898EC816}.Release|Any CPU.ActiveCfg = Release|Any CPU
		{5ACC425B-AE61-4A66-9530-3B18898EC816}.Release|Any CPU.Build.0 = Release|Any CPU
		{5ACC425B-AE61-4A66-9530-3B18898EC816}.Release|ARM.ActiveCfg = Release|Any CPU
		{5ACC425B-AE61-4A66-9530-3B18898EC816}.Release|ARM.Build.0 = Release|Any CPU
		{5ACC425B-AE61-4A66-9530-3B18898EC816}.Release|iPhone.ActiveCfg = Release|Any CPU
		{5ACC425B-AE61-4A66-9530-3B18898EC816}.Release|iPhone.Build.0 = Release|Any CPU
		{5ACC425B-AE61-4A66-9530-3B18898EC816}.Release|iPhoneSimulator.ActiveCfg = Release|Any CPU
		{5ACC425B-AE61-4A66-9530-3B18898EC816}.Release|iPhoneSimulator.Build.0 = Release|Any CPU
		{5ACC425B-AE61-4A66-9530-3B18898EC816}.Release|x64.ActiveCfg = Release|Any CPU
		{5ACC425B-AE61-4A66-9530-3B18898EC816}.Release|x64.Build.0 = Release|Any CPU
		{5ACC425B-AE61-4A66-9530-3B18898EC816}.Release|x86.ActiveCfg = Release|Any CPU
		{5ACC425B-AE61-4A66-9530-3B18898EC816}.Release|x86.Build.0 = Release|Any CPU
		{D0ABB8F1-4839-49D7-B9FD-C954F87FB29B}.Ad-Hoc|Any CPU.ActiveCfg = Release|Any CPU
		{D0ABB8F1-4839-49D7-B9FD-C954F87FB29B}.Ad-Hoc|Any CPU.Build.0 = Release|Any CPU
		{D0ABB8F1-4839-49D7-B9FD-C954F87FB29B}.Ad-Hoc|ARM.ActiveCfg = Release|Any CPU
		{D0ABB8F1-4839-49D7-B9FD-C954F87FB29B}.Ad-Hoc|ARM.Build.0 = Release|Any CPU
		{D0ABB8F1-4839-49D7-B9FD-C954F87FB29B}.Ad-Hoc|iPhone.ActiveCfg = Release|Any CPU
		{D0ABB8F1-4839-49D7-B9FD-C954F87FB29B}.Ad-Hoc|iPhone.Build.0 = Release|Any CPU
		{D0ABB8F1-4839-49D7-B9FD-C954F87FB29B}.Ad-Hoc|iPhoneSimulator.ActiveCfg = Release|Any CPU
		{D0ABB8F1-4839-49D7-B9FD-C954F87FB29B}.Ad-Hoc|iPhoneSimulator.Build.0 = Release|Any CPU
		{D0ABB8F1-4839-49D7-B9FD-C954F87FB29B}.Ad-Hoc|x64.ActiveCfg = Release|Any CPU
		{D0ABB8F1-4839-49D7-B9FD-C954F87FB29B}.Ad-Hoc|x64.Build.0 = Release|Any CPU
		{D0ABB8F1-4839-49D7-B9FD-C954F87FB29B}.Ad-Hoc|x86.ActiveCfg = Release|Any CPU
		{D0ABB8F1-4839-49D7-B9FD-C954F87FB29B}.Ad-Hoc|x86.Build.0 = Release|Any CPU
		{D0ABB8F1-4839-49D7-B9FD-C954F87FB29B}.AppStore|Any CPU.ActiveCfg = Release|Any CPU
		{D0ABB8F1-4839-49D7-B9FD-C954F87FB29B}.AppStore|Any CPU.Build.0 = Release|Any CPU
		{D0ABB8F1-4839-49D7-B9FD-C954F87FB29B}.AppStore|ARM.ActiveCfg = Release|Any CPU
		{D0ABB8F1-4839-49D7-B9FD-C954F87FB29B}.AppStore|ARM.Build.0 = Release|Any CPU
		{D0ABB8F1-4839-49D7-B9FD-C954F87FB29B}.AppStore|iPhone.ActiveCfg = Release|Any CPU
		{D0ABB8F1-4839-49D7-B9FD-C954F87FB29B}.AppStore|iPhone.Build.0 = Release|Any CPU
		{D0ABB8F1-4839-49D7-B9FD-C954F87FB29B}.AppStore|iPhoneSimulator.ActiveCfg = Release|Any CPU
		{D0ABB8F1-4839-49D7-B9FD-C954F87FB29B}.AppStore|iPhoneSimulator.Build.0 = Release|Any CPU
		{D0ABB8F1-4839-49D7-B9FD-C954F87FB29B}.AppStore|x64.ActiveCfg = Release|Any CPU
		{D0ABB8F1-4839-49D7-B9FD-C954F87FB29B}.AppStore|x64.Build.0 = Release|Any CPU
		{D0ABB8F1-4839-49D7-B9FD-C954F87FB29B}.AppStore|x86.ActiveCfg = Release|Any CPU
		{D0ABB8F1-4839-49D7-B9FD-C954F87FB29B}.AppStore|x86.Build.0 = Release|Any CPU
		{D0ABB8F1-4839-49D7-B9FD-C954F87FB29B}.Debug|Any CPU.ActiveCfg = Debug|Any CPU
		{D0ABB8F1-4839-49D7-B9FD-C954F87FB29B}.Debug|Any CPU.Build.0 = Debug|Any CPU
		{D0ABB8F1-4839-49D7-B9FD-C954F87FB29B}.Debug|ARM.ActiveCfg = Debug|Any CPU
		{D0ABB8F1-4839-49D7-B9FD-C954F87FB29B}.Debug|ARM.Build.0 = Debug|Any CPU
		{D0ABB8F1-4839-49D7-B9FD-C954F87FB29B}.Debug|iPhone.ActiveCfg = Debug|Any CPU
		{D0ABB8F1-4839-49D7-B9FD-C954F87FB29B}.Debug|iPhone.Build.0 = Debug|Any CPU
		{D0ABB8F1-4839-49D7-B9FD-C954F87FB29B}.Debug|iPhoneSimulator.ActiveCfg = Debug|Any CPU
		{D0ABB8F1-4839-49D7-B9FD-C954F87FB29B}.Debug|iPhoneSimulator.Build.0 = Debug|Any CPU
		{D0ABB8F1-4839-49D7-B9FD-C954F87FB29B}.Debug|x64.ActiveCfg = Debug|Any CPU
		{D0ABB8F1-4839-49D7-B9FD-C954F87FB29B}.Debug|x64.Build.0 = Debug|Any CPU
		{D0ABB8F1-4839-49D7-B9FD-C954F87FB29B}.Debug|x86.ActiveCfg = Debug|Any CPU
		{D0ABB8F1-4839-49D7-B9FD-C954F87FB29B}.Debug|x86.Build.0 = Debug|Any CPU
		{D0ABB8F1-4839-49D7-B9FD-C954F87FB29B}.Integration|Any CPU.ActiveCfg = Integration|Any CPU
		{D0ABB8F1-4839-49D7-B9FD-C954F87FB29B}.Integration|Any CPU.Build.0 = Integration|Any CPU
		{D0ABB8F1-4839-49D7-B9FD-C954F87FB29B}.Integration|ARM.ActiveCfg = Integration|Any CPU
		{D0ABB8F1-4839-49D7-B9FD-C954F87FB29B}.Integration|ARM.Build.0 = Integration|Any CPU
		{D0ABB8F1-4839-49D7-B9FD-C954F87FB29B}.Integration|iPhone.ActiveCfg = Integration|Any CPU
		{D0ABB8F1-4839-49D7-B9FD-C954F87FB29B}.Integration|iPhone.Build.0 = Integration|Any CPU
		{D0ABB8F1-4839-49D7-B9FD-C954F87FB29B}.Integration|iPhoneSimulator.ActiveCfg = Integration|Any CPU
		{D0ABB8F1-4839-49D7-B9FD-C954F87FB29B}.Integration|iPhoneSimulator.Build.0 = Integration|Any CPU
		{D0ABB8F1-4839-49D7-B9FD-C954F87FB29B}.Integration|x64.ActiveCfg = Integration|Any CPU
		{D0ABB8F1-4839-49D7-B9FD-C954F87FB29B}.Integration|x64.Build.0 = Integration|Any CPU
		{D0ABB8F1-4839-49D7-B9FD-C954F87FB29B}.Integration|x86.ActiveCfg = Integration|Any CPU
		{D0ABB8F1-4839-49D7-B9FD-C954F87FB29B}.Integration|x86.Build.0 = Integration|Any CPU
		{D0ABB8F1-4839-49D7-B9FD-C954F87FB29B}.Release|Any CPU.ActiveCfg = Release|Any CPU
		{D0ABB8F1-4839-49D7-B9FD-C954F87FB29B}.Release|Any CPU.Build.0 = Release|Any CPU
		{D0ABB8F1-4839-49D7-B9FD-C954F87FB29B}.Release|ARM.ActiveCfg = Release|Any CPU
		{D0ABB8F1-4839-49D7-B9FD-C954F87FB29B}.Release|ARM.Build.0 = Release|Any CPU
		{D0ABB8F1-4839-49D7-B9FD-C954F87FB29B}.Release|iPhone.ActiveCfg = Release|Any CPU
		{D0ABB8F1-4839-49D7-B9FD-C954F87FB29B}.Release|iPhone.Build.0 = Release|Any CPU
		{D0ABB8F1-4839-49D7-B9FD-C954F87FB29B}.Release|iPhoneSimulator.ActiveCfg = Release|Any CPU
		{D0ABB8F1-4839-49D7-B9FD-C954F87FB29B}.Release|iPhoneSimulator.Build.0 = Release|Any CPU
		{D0ABB8F1-4839-49D7-B9FD-C954F87FB29B}.Release|x64.ActiveCfg = Release|Any CPU
		{D0ABB8F1-4839-49D7-B9FD-C954F87FB29B}.Release|x64.Build.0 = Release|Any CPU
		{D0ABB8F1-4839-49D7-B9FD-C954F87FB29B}.Release|x86.ActiveCfg = Release|Any CPU
		{D0ABB8F1-4839-49D7-B9FD-C954F87FB29B}.Release|x86.Build.0 = Release|Any CPU
		{9C54C296-FAB5-4C96-8C71-2200583AAF62}.Ad-Hoc|Any CPU.ActiveCfg = Release|Any CPU
		{9C54C296-FAB5-4C96-8C71-2200583AAF62}.Ad-Hoc|Any CPU.Build.0 = Release|Any CPU
		{9C54C296-FAB5-4C96-8C71-2200583AAF62}.Ad-Hoc|ARM.ActiveCfg = Release|Any CPU
		{9C54C296-FAB5-4C96-8C71-2200583AAF62}.Ad-Hoc|ARM.Build.0 = Release|Any CPU
		{9C54C296-FAB5-4C96-8C71-2200583AAF62}.Ad-Hoc|iPhone.ActiveCfg = Release|Any CPU
		{9C54C296-FAB5-4C96-8C71-2200583AAF62}.Ad-Hoc|iPhone.Build.0 = Release|Any CPU
		{9C54C296-FAB5-4C96-8C71-2200583AAF62}.Ad-Hoc|iPhoneSimulator.ActiveCfg = Release|Any CPU
		{9C54C296-FAB5-4C96-8C71-2200583AAF62}.Ad-Hoc|iPhoneSimulator.Build.0 = Release|Any CPU
		{9C54C296-FAB5-4C96-8C71-2200583AAF62}.Ad-Hoc|x64.ActiveCfg = Release|Any CPU
		{9C54C296-FAB5-4C96-8C71-2200583AAF62}.Ad-Hoc|x64.Build.0 = Release|Any CPU
		{9C54C296-FAB5-4C96-8C71-2200583AAF62}.Ad-Hoc|x86.ActiveCfg = Release|Any CPU
		{9C54C296-FAB5-4C96-8C71-2200583AAF62}.Ad-Hoc|x86.Build.0 = Release|Any CPU
		{9C54C296-FAB5-4C96-8C71-2200583AAF62}.AppStore|Any CPU.ActiveCfg = Release|Any CPU
		{9C54C296-FAB5-4C96-8C71-2200583AAF62}.AppStore|Any CPU.Build.0 = Release|Any CPU
		{9C54C296-FAB5-4C96-8C71-2200583AAF62}.AppStore|ARM.ActiveCfg = Release|Any CPU
		{9C54C296-FAB5-4C96-8C71-2200583AAF62}.AppStore|ARM.Build.0 = Release|Any CPU
		{9C54C296-FAB5-4C96-8C71-2200583AAF62}.AppStore|iPhone.ActiveCfg = Release|Any CPU
		{9C54C296-FAB5-4C96-8C71-2200583AAF62}.AppStore|iPhone.Build.0 = Release|Any CPU
		{9C54C296-FAB5-4C96-8C71-2200583AAF62}.AppStore|iPhoneSimulator.ActiveCfg = Release|Any CPU
		{9C54C296-FAB5-4C96-8C71-2200583AAF62}.AppStore|iPhoneSimulator.Build.0 = Release|Any CPU
		{9C54C296-FAB5-4C96-8C71-2200583AAF62}.AppStore|x64.ActiveCfg = Release|Any CPU
		{9C54C296-FAB5-4C96-8C71-2200583AAF62}.AppStore|x64.Build.0 = Release|Any CPU
		{9C54C296-FAB5-4C96-8C71-2200583AAF62}.AppStore|x86.ActiveCfg = Release|Any CPU
		{9C54C296-FAB5-4C96-8C71-2200583AAF62}.AppStore|x86.Build.0 = Release|Any CPU
		{9C54C296-FAB5-4C96-8C71-2200583AAF62}.Debug|Any CPU.ActiveCfg = Debug|Any CPU
		{9C54C296-FAB5-4C96-8C71-2200583AAF62}.Debug|Any CPU.Build.0 = Debug|Any CPU
		{9C54C296-FAB5-4C96-8C71-2200583AAF62}.Debug|ARM.ActiveCfg = Debug|Any CPU
		{9C54C296-FAB5-4C96-8C71-2200583AAF62}.Debug|ARM.Build.0 = Debug|Any CPU
		{9C54C296-FAB5-4C96-8C71-2200583AAF62}.Debug|iPhone.ActiveCfg = Debug|Any CPU
		{9C54C296-FAB5-4C96-8C71-2200583AAF62}.Debug|iPhone.Build.0 = Debug|Any CPU
		{9C54C296-FAB5-4C96-8C71-2200583AAF62}.Debug|iPhoneSimulator.ActiveCfg = Debug|Any CPU
		{9C54C296-FAB5-4C96-8C71-2200583AAF62}.Debug|iPhoneSimulator.Build.0 = Debug|Any CPU
		{9C54C296-FAB5-4C96-8C71-2200583AAF62}.Debug|x64.ActiveCfg = Debug|Any CPU
		{9C54C296-FAB5-4C96-8C71-2200583AAF62}.Debug|x64.Build.0 = Debug|Any CPU
		{9C54C296-FAB5-4C96-8C71-2200583AAF62}.Debug|x86.ActiveCfg = Debug|Any CPU
		{9C54C296-FAB5-4C96-8C71-2200583AAF62}.Debug|x86.Build.0 = Debug|Any CPU
		{9C54C296-FAB5-4C96-8C71-2200583AAF62}.Integration|Any CPU.ActiveCfg = Integration|Any CPU
		{9C54C296-FAB5-4C96-8C71-2200583AAF62}.Integration|Any CPU.Build.0 = Integration|Any CPU
		{9C54C296-FAB5-4C96-8C71-2200583AAF62}.Integration|ARM.ActiveCfg = Integration|Any CPU
		{9C54C296-FAB5-4C96-8C71-2200583AAF62}.Integration|ARM.Build.0 = Integration|Any CPU
		{9C54C296-FAB5-4C96-8C71-2200583AAF62}.Integration|iPhone.ActiveCfg = Integration|Any CPU
		{9C54C296-FAB5-4C96-8C71-2200583AAF62}.Integration|iPhone.Build.0 = Integration|Any CPU
		{9C54C296-FAB5-4C96-8C71-2200583AAF62}.Integration|iPhoneSimulator.ActiveCfg = Integration|Any CPU
		{9C54C296-FAB5-4C96-8C71-2200583AAF62}.Integration|iPhoneSimulator.Build.0 = Integration|Any CPU
		{9C54C296-FAB5-4C96-8C71-2200583AAF62}.Integration|x64.ActiveCfg = Integration|Any CPU
		{9C54C296-FAB5-4C96-8C71-2200583AAF62}.Integration|x64.Build.0 = Integration|Any CPU
		{9C54C296-FAB5-4C96-8C71-2200583AAF62}.Integration|x86.ActiveCfg = Integration|Any CPU
		{9C54C296-FAB5-4C96-8C71-2200583AAF62}.Integration|x86.Build.0 = Integration|Any CPU
		{9C54C296-FAB5-4C96-8C71-2200583AAF62}.Release|Any CPU.ActiveCfg = Release|Any CPU
		{9C54C296-FAB5-4C96-8C71-2200583AAF62}.Release|Any CPU.Build.0 = Release|Any CPU
		{9C54C296-FAB5-4C96-8C71-2200583AAF62}.Release|ARM.ActiveCfg = Release|Any CPU
		{9C54C296-FAB5-4C96-8C71-2200583AAF62}.Release|ARM.Build.0 = Release|Any CPU
		{9C54C296-FAB5-4C96-8C71-2200583AAF62}.Release|iPhone.ActiveCfg = Release|Any CPU
		{9C54C296-FAB5-4C96-8C71-2200583AAF62}.Release|iPhone.Build.0 = Release|Any CPU
		{9C54C296-FAB5-4C96-8C71-2200583AAF62}.Release|iPhoneSimulator.ActiveCfg = Release|Any CPU
		{9C54C296-FAB5-4C96-8C71-2200583AAF62}.Release|iPhoneSimulator.Build.0 = Release|Any CPU
		{9C54C296-FAB5-4C96-8C71-2200583AAF62}.Release|x64.ActiveCfg = Release|Any CPU
		{9C54C296-FAB5-4C96-8C71-2200583AAF62}.Release|x64.Build.0 = Release|Any CPU
		{9C54C296-FAB5-4C96-8C71-2200583AAF62}.Release|x86.ActiveCfg = Release|Any CPU
		{9C54C296-FAB5-4C96-8C71-2200583AAF62}.Release|x86.Build.0 = Release|Any CPU
		{F8FAE603-4B27-4BF3-8C00-7395EB7C23B8}.Ad-Hoc|Any CPU.ActiveCfg = Release|Any CPU
		{F8FAE603-4B27-4BF3-8C00-7395EB7C23B8}.Ad-Hoc|Any CPU.Build.0 = Release|Any CPU
		{F8FAE603-4B27-4BF3-8C00-7395EB7C23B8}.Ad-Hoc|ARM.ActiveCfg = Release|Any CPU
		{F8FAE603-4B27-4BF3-8C00-7395EB7C23B8}.Ad-Hoc|ARM.Build.0 = Release|Any CPU
		{F8FAE603-4B27-4BF3-8C00-7395EB7C23B8}.Ad-Hoc|iPhone.ActiveCfg = Release|Any CPU
		{F8FAE603-4B27-4BF3-8C00-7395EB7C23B8}.Ad-Hoc|iPhone.Build.0 = Release|Any CPU
		{F8FAE603-4B27-4BF3-8C00-7395EB7C23B8}.Ad-Hoc|iPhoneSimulator.ActiveCfg = Release|Any CPU
		{F8FAE603-4B27-4BF3-8C00-7395EB7C23B8}.Ad-Hoc|iPhoneSimulator.Build.0 = Release|Any CPU
		{F8FAE603-4B27-4BF3-8C00-7395EB7C23B8}.Ad-Hoc|x64.ActiveCfg = Release|Any CPU
		{F8FAE603-4B27-4BF3-8C00-7395EB7C23B8}.Ad-Hoc|x64.Build.0 = Release|Any CPU
		{F8FAE603-4B27-4BF3-8C00-7395EB7C23B8}.Ad-Hoc|x86.ActiveCfg = Release|Any CPU
		{F8FAE603-4B27-4BF3-8C00-7395EB7C23B8}.Ad-Hoc|x86.Build.0 = Release|Any CPU
		{F8FAE603-4B27-4BF3-8C00-7395EB7C23B8}.AppStore|Any CPU.ActiveCfg = Release|Any CPU
		{F8FAE603-4B27-4BF3-8C00-7395EB7C23B8}.AppStore|Any CPU.Build.0 = Release|Any CPU
		{F8FAE603-4B27-4BF3-8C00-7395EB7C23B8}.AppStore|ARM.ActiveCfg = Release|Any CPU
		{F8FAE603-4B27-4BF3-8C00-7395EB7C23B8}.AppStore|ARM.Build.0 = Release|Any CPU
		{F8FAE603-4B27-4BF3-8C00-7395EB7C23B8}.AppStore|iPhone.ActiveCfg = Release|Any CPU
		{F8FAE603-4B27-4BF3-8C00-7395EB7C23B8}.AppStore|iPhone.Build.0 = Release|Any CPU
		{F8FAE603-4B27-4BF3-8C00-7395EB7C23B8}.AppStore|iPhoneSimulator.ActiveCfg = Release|Any CPU
		{F8FAE603-4B27-4BF3-8C00-7395EB7C23B8}.AppStore|iPhoneSimulator.Build.0 = Release|Any CPU
		{F8FAE603-4B27-4BF3-8C00-7395EB7C23B8}.AppStore|x64.ActiveCfg = Release|Any CPU
		{F8FAE603-4B27-4BF3-8C00-7395EB7C23B8}.AppStore|x64.Build.0 = Release|Any CPU
		{F8FAE603-4B27-4BF3-8C00-7395EB7C23B8}.AppStore|x86.ActiveCfg = Release|Any CPU
		{F8FAE603-4B27-4BF3-8C00-7395EB7C23B8}.AppStore|x86.Build.0 = Release|Any CPU
		{F8FAE603-4B27-4BF3-8C00-7395EB7C23B8}.Debug|Any CPU.ActiveCfg = Debug|Any CPU
		{F8FAE603-4B27-4BF3-8C00-7395EB7C23B8}.Debug|Any CPU.Build.0 = Debug|Any CPU
		{F8FAE603-4B27-4BF3-8C00-7395EB7C23B8}.Debug|ARM.ActiveCfg = Debug|Any CPU
		{F8FAE603-4B27-4BF3-8C00-7395EB7C23B8}.Debug|ARM.Build.0 = Debug|Any CPU
		{F8FAE603-4B27-4BF3-8C00-7395EB7C23B8}.Debug|iPhone.ActiveCfg = Debug|Any CPU
		{F8FAE603-4B27-4BF3-8C00-7395EB7C23B8}.Debug|iPhone.Build.0 = Debug|Any CPU
		{F8FAE603-4B27-4BF3-8C00-7395EB7C23B8}.Debug|iPhoneSimulator.ActiveCfg = Debug|Any CPU
		{F8FAE603-4B27-4BF3-8C00-7395EB7C23B8}.Debug|iPhoneSimulator.Build.0 = Debug|Any CPU
		{F8FAE603-4B27-4BF3-8C00-7395EB7C23B8}.Debug|x64.ActiveCfg = Debug|Any CPU
		{F8FAE603-4B27-4BF3-8C00-7395EB7C23B8}.Debug|x64.Build.0 = Debug|Any CPU
		{F8FAE603-4B27-4BF3-8C00-7395EB7C23B8}.Debug|x86.ActiveCfg = Debug|Any CPU
		{F8FAE603-4B27-4BF3-8C00-7395EB7C23B8}.Debug|x86.Build.0 = Debug|Any CPU
		{F8FAE603-4B27-4BF3-8C00-7395EB7C23B8}.Integration|Any CPU.ActiveCfg = Debug|Any CPU
		{F8FAE603-4B27-4BF3-8C00-7395EB7C23B8}.Integration|Any CPU.Build.0 = Debug|Any CPU
		{F8FAE603-4B27-4BF3-8C00-7395EB7C23B8}.Integration|ARM.ActiveCfg = Debug|Any CPU
		{F8FAE603-4B27-4BF3-8C00-7395EB7C23B8}.Integration|ARM.Build.0 = Debug|Any CPU
		{F8FAE603-4B27-4BF3-8C00-7395EB7C23B8}.Integration|iPhone.ActiveCfg = Debug|Any CPU
		{F8FAE603-4B27-4BF3-8C00-7395EB7C23B8}.Integration|iPhone.Build.0 = Debug|Any CPU
		{F8FAE603-4B27-4BF3-8C00-7395EB7C23B8}.Integration|iPhoneSimulator.ActiveCfg = Debug|Any CPU
		{F8FAE603-4B27-4BF3-8C00-7395EB7C23B8}.Integration|iPhoneSimulator.Build.0 = Debug|Any CPU
		{F8FAE603-4B27-4BF3-8C00-7395EB7C23B8}.Integration|x64.ActiveCfg = Debug|Any CPU
		{F8FAE603-4B27-4BF3-8C00-7395EB7C23B8}.Integration|x64.Build.0 = Debug|Any CPU
		{F8FAE603-4B27-4BF3-8C00-7395EB7C23B8}.Integration|x86.ActiveCfg = Debug|Any CPU
		{F8FAE603-4B27-4BF3-8C00-7395EB7C23B8}.Integration|x86.Build.0 = Debug|Any CPU
		{F8FAE603-4B27-4BF3-8C00-7395EB7C23B8}.Release|Any CPU.ActiveCfg = Release|Any CPU
		{F8FAE603-4B27-4BF3-8C00-7395EB7C23B8}.Release|Any CPU.Build.0 = Release|Any CPU
		{F8FAE603-4B27-4BF3-8C00-7395EB7C23B8}.Release|ARM.ActiveCfg = Release|Any CPU
		{F8FAE603-4B27-4BF3-8C00-7395EB7C23B8}.Release|ARM.Build.0 = Release|Any CPU
		{F8FAE603-4B27-4BF3-8C00-7395EB7C23B8}.Release|iPhone.ActiveCfg = Release|Any CPU
		{F8FAE603-4B27-4BF3-8C00-7395EB7C23B8}.Release|iPhone.Build.0 = Release|Any CPU
		{F8FAE603-4B27-4BF3-8C00-7395EB7C23B8}.Release|iPhoneSimulator.ActiveCfg = Release|Any CPU
		{F8FAE603-4B27-4BF3-8C00-7395EB7C23B8}.Release|iPhoneSimulator.Build.0 = Release|Any CPU
		{F8FAE603-4B27-4BF3-8C00-7395EB7C23B8}.Release|x64.ActiveCfg = Release|Any CPU
		{F8FAE603-4B27-4BF3-8C00-7395EB7C23B8}.Release|x64.Build.0 = Release|Any CPU
		{F8FAE603-4B27-4BF3-8C00-7395EB7C23B8}.Release|x86.ActiveCfg = Release|Any CPU
		{F8FAE603-4B27-4BF3-8C00-7395EB7C23B8}.Release|x86.Build.0 = Release|Any CPU
		{FE549C4E-B27E-44DB-A5BE-A26EABF5DF8F}.Ad-Hoc|Any CPU.ActiveCfg = Release|Any CPU
		{FE549C4E-B27E-44DB-A5BE-A26EABF5DF8F}.Ad-Hoc|Any CPU.Build.0 = Release|Any CPU
		{FE549C4E-B27E-44DB-A5BE-A26EABF5DF8F}.Ad-Hoc|ARM.ActiveCfg = Release|Any CPU
		{FE549C4E-B27E-44DB-A5BE-A26EABF5DF8F}.Ad-Hoc|ARM.Build.0 = Release|Any CPU
		{FE549C4E-B27E-44DB-A5BE-A26EABF5DF8F}.Ad-Hoc|iPhone.ActiveCfg = Release|Any CPU
		{FE549C4E-B27E-44DB-A5BE-A26EABF5DF8F}.Ad-Hoc|iPhone.Build.0 = Release|Any CPU
		{FE549C4E-B27E-44DB-A5BE-A26EABF5DF8F}.Ad-Hoc|iPhoneSimulator.ActiveCfg = Release|Any CPU
		{FE549C4E-B27E-44DB-A5BE-A26EABF5DF8F}.Ad-Hoc|iPhoneSimulator.Build.0 = Release|Any CPU
		{FE549C4E-B27E-44DB-A5BE-A26EABF5DF8F}.Ad-Hoc|x64.ActiveCfg = Release|Any CPU
		{FE549C4E-B27E-44DB-A5BE-A26EABF5DF8F}.Ad-Hoc|x64.Build.0 = Release|Any CPU
		{FE549C4E-B27E-44DB-A5BE-A26EABF5DF8F}.Ad-Hoc|x86.ActiveCfg = Release|Any CPU
		{FE549C4E-B27E-44DB-A5BE-A26EABF5DF8F}.Ad-Hoc|x86.Build.0 = Release|Any CPU
		{FE549C4E-B27E-44DB-A5BE-A26EABF5DF8F}.AppStore|Any CPU.ActiveCfg = Release|Any CPU
		{FE549C4E-B27E-44DB-A5BE-A26EABF5DF8F}.AppStore|Any CPU.Build.0 = Release|Any CPU
		{FE549C4E-B27E-44DB-A5BE-A26EABF5DF8F}.AppStore|ARM.ActiveCfg = Release|Any CPU
		{FE549C4E-B27E-44DB-A5BE-A26EABF5DF8F}.AppStore|ARM.Build.0 = Release|Any CPU
		{FE549C4E-B27E-44DB-A5BE-A26EABF5DF8F}.AppStore|iPhone.ActiveCfg = Release|Any CPU
		{FE549C4E-B27E-44DB-A5BE-A26EABF5DF8F}.AppStore|iPhone.Build.0 = Release|Any CPU
		{FE549C4E-B27E-44DB-A5BE-A26EABF5DF8F}.AppStore|iPhoneSimulator.ActiveCfg = Release|Any CPU
		{FE549C4E-B27E-44DB-A5BE-A26EABF5DF8F}.AppStore|iPhoneSimulator.Build.0 = Release|Any CPU
		{FE549C4E-B27E-44DB-A5BE-A26EABF5DF8F}.AppStore|x64.ActiveCfg = Release|Any CPU
		{FE549C4E-B27E-44DB-A5BE-A26EABF5DF8F}.AppStore|x64.Build.0 = Release|Any CPU
		{FE549C4E-B27E-44DB-A5BE-A26EABF5DF8F}.AppStore|x86.ActiveCfg = Release|Any CPU
		{FE549C4E-B27E-44DB-A5BE-A26EABF5DF8F}.AppStore|x86.Build.0 = Release|Any CPU
		{FE549C4E-B27E-44DB-A5BE-A26EABF5DF8F}.Debug|Any CPU.ActiveCfg = Debug|Any CPU
		{FE549C4E-B27E-44DB-A5BE-A26EABF5DF8F}.Debug|Any CPU.Build.0 = Debug|Any CPU
		{FE549C4E-B27E-44DB-A5BE-A26EABF5DF8F}.Debug|ARM.ActiveCfg = Debug|Any CPU
		{FE549C4E-B27E-44DB-A5BE-A26EABF5DF8F}.Debug|ARM.Build.0 = Debug|Any CPU
		{FE549C4E-B27E-44DB-A5BE-A26EABF5DF8F}.Debug|iPhone.ActiveCfg = Debug|Any CPU
		{FE549C4E-B27E-44DB-A5BE-A26EABF5DF8F}.Debug|iPhone.Build.0 = Debug|Any CPU
		{FE549C4E-B27E-44DB-A5BE-A26EABF5DF8F}.Debug|iPhoneSimulator.ActiveCfg = Debug|Any CPU
		{FE549C4E-B27E-44DB-A5BE-A26EABF5DF8F}.Debug|iPhoneSimulator.Build.0 = Debug|Any CPU
		{FE549C4E-B27E-44DB-A5BE-A26EABF5DF8F}.Debug|x64.ActiveCfg = Debug|Any CPU
		{FE549C4E-B27E-44DB-A5BE-A26EABF5DF8F}.Debug|x64.Build.0 = Debug|Any CPU
		{FE549C4E-B27E-44DB-A5BE-A26EABF5DF8F}.Debug|x86.ActiveCfg = Debug|Any CPU
		{FE549C4E-B27E-44DB-A5BE-A26EABF5DF8F}.Debug|x86.Build.0 = Debug|Any CPU
		{FE549C4E-B27E-44DB-A5BE-A26EABF5DF8F}.Integration|Any CPU.ActiveCfg = Integration|Any CPU
		{FE549C4E-B27E-44DB-A5BE-A26EABF5DF8F}.Integration|Any CPU.Build.0 = Integration|Any CPU
		{FE549C4E-B27E-44DB-A5BE-A26EABF5DF8F}.Integration|ARM.ActiveCfg = Integration|Any CPU
		{FE549C4E-B27E-44DB-A5BE-A26EABF5DF8F}.Integration|ARM.Build.0 = Integration|Any CPU
		{FE549C4E-B27E-44DB-A5BE-A26EABF5DF8F}.Integration|iPhone.ActiveCfg = Integration|Any CPU
		{FE549C4E-B27E-44DB-A5BE-A26EABF5DF8F}.Integration|iPhone.Build.0 = Integration|Any CPU
		{FE549C4E-B27E-44DB-A5BE-A26EABF5DF8F}.Integration|iPhoneSimulator.ActiveCfg = Integration|Any CPU
		{FE549C4E-B27E-44DB-A5BE-A26EABF5DF8F}.Integration|iPhoneSimulator.Build.0 = Integration|Any CPU
		{FE549C4E-B27E-44DB-A5BE-A26EABF5DF8F}.Integration|x64.ActiveCfg = Integration|Any CPU
		{FE549C4E-B27E-44DB-A5BE-A26EABF5DF8F}.Integration|x64.Build.0 = Integration|Any CPU
		{FE549C4E-B27E-44DB-A5BE-A26EABF5DF8F}.Integration|x86.ActiveCfg = Integration|Any CPU
		{FE549C4E-B27E-44DB-A5BE-A26EABF5DF8F}.Integration|x86.Build.0 = Integration|Any CPU
		{FE549C4E-B27E-44DB-A5BE-A26EABF5DF8F}.Release|Any CPU.ActiveCfg = Release|Any CPU
		{FE549C4E-B27E-44DB-A5BE-A26EABF5DF8F}.Release|Any CPU.Build.0 = Release|Any CPU
		{FE549C4E-B27E-44DB-A5BE-A26EABF5DF8F}.Release|ARM.ActiveCfg = Release|Any CPU
		{FE549C4E-B27E-44DB-A5BE-A26EABF5DF8F}.Release|ARM.Build.0 = Release|Any CPU
		{FE549C4E-B27E-44DB-A5BE-A26EABF5DF8F}.Release|iPhone.ActiveCfg = Release|Any CPU
		{FE549C4E-B27E-44DB-A5BE-A26EABF5DF8F}.Release|iPhone.Build.0 = Release|Any CPU
		{FE549C4E-B27E-44DB-A5BE-A26EABF5DF8F}.Release|iPhoneSimulator.ActiveCfg = Release|Any CPU
		{FE549C4E-B27E-44DB-A5BE-A26EABF5DF8F}.Release|iPhoneSimulator.Build.0 = Release|Any CPU
		{FE549C4E-B27E-44DB-A5BE-A26EABF5DF8F}.Release|x64.ActiveCfg = Release|Any CPU
		{FE549C4E-B27E-44DB-A5BE-A26EABF5DF8F}.Release|x64.Build.0 = Release|Any CPU
		{FE549C4E-B27E-44DB-A5BE-A26EABF5DF8F}.Release|x86.ActiveCfg = Release|Any CPU
		{FE549C4E-B27E-44DB-A5BE-A26EABF5DF8F}.Release|x86.Build.0 = Release|Any CPU
		{ABB48F3D-FA1E-4953-87D1-8BD737DEAEA7}.Ad-Hoc|Any CPU.ActiveCfg = Release|Any CPU
		{ABB48F3D-FA1E-4953-87D1-8BD737DEAEA7}.Ad-Hoc|Any CPU.Build.0 = Release|Any CPU
		{ABB48F3D-FA1E-4953-87D1-8BD737DEAEA7}.Ad-Hoc|ARM.ActiveCfg = Release|Any CPU
		{ABB48F3D-FA1E-4953-87D1-8BD737DEAEA7}.Ad-Hoc|ARM.Build.0 = Release|Any CPU
		{ABB48F3D-FA1E-4953-87D1-8BD737DEAEA7}.Ad-Hoc|iPhone.ActiveCfg = Release|Any CPU
		{ABB48F3D-FA1E-4953-87D1-8BD737DEAEA7}.Ad-Hoc|iPhone.Build.0 = Release|Any CPU
		{ABB48F3D-FA1E-4953-87D1-8BD737DEAEA7}.Ad-Hoc|iPhoneSimulator.ActiveCfg = Release|Any CPU
		{ABB48F3D-FA1E-4953-87D1-8BD737DEAEA7}.Ad-Hoc|iPhoneSimulator.Build.0 = Release|Any CPU
		{ABB48F3D-FA1E-4953-87D1-8BD737DEAEA7}.Ad-Hoc|x64.ActiveCfg = Release|Any CPU
		{ABB48F3D-FA1E-4953-87D1-8BD737DEAEA7}.Ad-Hoc|x64.Build.0 = Release|Any CPU
		{ABB48F3D-FA1E-4953-87D1-8BD737DEAEA7}.Ad-Hoc|x86.ActiveCfg = Release|Any CPU
		{ABB48F3D-FA1E-4953-87D1-8BD737DEAEA7}.Ad-Hoc|x86.Build.0 = Release|Any CPU
		{ABB48F3D-FA1E-4953-87D1-8BD737DEAEA7}.AppStore|Any CPU.ActiveCfg = Release|Any CPU
		{ABB48F3D-FA1E-4953-87D1-8BD737DEAEA7}.AppStore|Any CPU.Build.0 = Release|Any CPU
		{ABB48F3D-FA1E-4953-87D1-8BD737DEAEA7}.AppStore|ARM.ActiveCfg = Release|Any CPU
		{ABB48F3D-FA1E-4953-87D1-8BD737DEAEA7}.AppStore|ARM.Build.0 = Release|Any CPU
		{ABB48F3D-FA1E-4953-87D1-8BD737DEAEA7}.AppStore|iPhone.ActiveCfg = Release|Any CPU
		{ABB48F3D-FA1E-4953-87D1-8BD737DEAEA7}.AppStore|iPhone.Build.0 = Release|Any CPU
		{ABB48F3D-FA1E-4953-87D1-8BD737DEAEA7}.AppStore|iPhoneSimulator.ActiveCfg = Release|Any CPU
		{ABB48F3D-FA1E-4953-87D1-8BD737DEAEA7}.AppStore|iPhoneSimulator.Build.0 = Release|Any CPU
		{ABB48F3D-FA1E-4953-87D1-8BD737DEAEA7}.AppStore|x64.ActiveCfg = Release|Any CPU
		{ABB48F3D-FA1E-4953-87D1-8BD737DEAEA7}.AppStore|x64.Build.0 = Release|Any CPU
		{ABB48F3D-FA1E-4953-87D1-8BD737DEAEA7}.AppStore|x86.ActiveCfg = Release|Any CPU
		{ABB48F3D-FA1E-4953-87D1-8BD737DEAEA7}.AppStore|x86.Build.0 = Release|Any CPU
		{ABB48F3D-FA1E-4953-87D1-8BD737DEAEA7}.Debug|Any CPU.ActiveCfg = Debug|Any CPU
		{ABB48F3D-FA1E-4953-87D1-8BD737DEAEA7}.Debug|Any CPU.Build.0 = Debug|Any CPU
		{ABB48F3D-FA1E-4953-87D1-8BD737DEAEA7}.Debug|ARM.ActiveCfg = Debug|Any CPU
		{ABB48F3D-FA1E-4953-87D1-8BD737DEAEA7}.Debug|ARM.Build.0 = Debug|Any CPU
		{ABB48F3D-FA1E-4953-87D1-8BD737DEAEA7}.Debug|iPhone.ActiveCfg = Debug|Any CPU
		{ABB48F3D-FA1E-4953-87D1-8BD737DEAEA7}.Debug|iPhone.Build.0 = Debug|Any CPU
		{ABB48F3D-FA1E-4953-87D1-8BD737DEAEA7}.Debug|iPhoneSimulator.ActiveCfg = Debug|Any CPU
		{ABB48F3D-FA1E-4953-87D1-8BD737DEAEA7}.Debug|iPhoneSimulator.Build.0 = Debug|Any CPU
		{ABB48F3D-FA1E-4953-87D1-8BD737DEAEA7}.Debug|x64.ActiveCfg = Debug|Any CPU
		{ABB48F3D-FA1E-4953-87D1-8BD737DEAEA7}.Debug|x64.Build.0 = Debug|Any CPU
		{ABB48F3D-FA1E-4953-87D1-8BD737DEAEA7}.Debug|x86.ActiveCfg = Debug|Any CPU
		{ABB48F3D-FA1E-4953-87D1-8BD737DEAEA7}.Debug|x86.Build.0 = Debug|Any CPU
		{ABB48F3D-FA1E-4953-87D1-8BD737DEAEA7}.Integration|Any CPU.ActiveCfg = Integration|Any CPU
		{ABB48F3D-FA1E-4953-87D1-8BD737DEAEA7}.Integration|Any CPU.Build.0 = Integration|Any CPU
		{ABB48F3D-FA1E-4953-87D1-8BD737DEAEA7}.Integration|ARM.ActiveCfg = Integration|Any CPU
		{ABB48F3D-FA1E-4953-87D1-8BD737DEAEA7}.Integration|ARM.Build.0 = Integration|Any CPU
		{ABB48F3D-FA1E-4953-87D1-8BD737DEAEA7}.Integration|iPhone.ActiveCfg = Integration|Any CPU
		{ABB48F3D-FA1E-4953-87D1-8BD737DEAEA7}.Integration|iPhone.Build.0 = Integration|Any CPU
		{ABB48F3D-FA1E-4953-87D1-8BD737DEAEA7}.Integration|iPhoneSimulator.ActiveCfg = Integration|Any CPU
		{ABB48F3D-FA1E-4953-87D1-8BD737DEAEA7}.Integration|iPhoneSimulator.Build.0 = Integration|Any CPU
		{ABB48F3D-FA1E-4953-87D1-8BD737DEAEA7}.Integration|x64.ActiveCfg = Integration|Any CPU
		{ABB48F3D-FA1E-4953-87D1-8BD737DEAEA7}.Integration|x64.Build.0 = Integration|Any CPU
		{ABB48F3D-FA1E-4953-87D1-8BD737DEAEA7}.Integration|x86.ActiveCfg = Integration|Any CPU
		{ABB48F3D-FA1E-4953-87D1-8BD737DEAEA7}.Integration|x86.Build.0 = Integration|Any CPU
		{ABB48F3D-FA1E-4953-87D1-8BD737DEAEA7}.Release|Any CPU.ActiveCfg = Release|Any CPU
		{ABB48F3D-FA1E-4953-87D1-8BD737DEAEA7}.Release|Any CPU.Build.0 = Release|Any CPU
		{ABB48F3D-FA1E-4953-87D1-8BD737DEAEA7}.Release|ARM.ActiveCfg = Release|Any CPU
		{ABB48F3D-FA1E-4953-87D1-8BD737DEAEA7}.Release|ARM.Build.0 = Release|Any CPU
		{ABB48F3D-FA1E-4953-87D1-8BD737DEAEA7}.Release|iPhone.ActiveCfg = Release|Any CPU
		{ABB48F3D-FA1E-4953-87D1-8BD737DEAEA7}.Release|iPhone.Build.0 = Release|Any CPU
		{ABB48F3D-FA1E-4953-87D1-8BD737DEAEA7}.Release|iPhoneSimulator.ActiveCfg = Release|Any CPU
		{ABB48F3D-FA1E-4953-87D1-8BD737DEAEA7}.Release|iPhoneSimulator.Build.0 = Release|Any CPU
		{ABB48F3D-FA1E-4953-87D1-8BD737DEAEA7}.Release|x64.ActiveCfg = Release|Any CPU
		{ABB48F3D-FA1E-4953-87D1-8BD737DEAEA7}.Release|x64.Build.0 = Release|Any CPU
		{ABB48F3D-FA1E-4953-87D1-8BD737DEAEA7}.Release|x86.ActiveCfg = Release|Any CPU
		{ABB48F3D-FA1E-4953-87D1-8BD737DEAEA7}.Release|x86.Build.0 = Release|Any CPU
		{D6B536BD-E596-4114-94A3-0198CC8D6999}.Ad-Hoc|Any CPU.ActiveCfg = Release|Any CPU
		{D6B536BD-E596-4114-94A3-0198CC8D6999}.Ad-Hoc|Any CPU.Build.0 = Release|Any CPU
		{D6B536BD-E596-4114-94A3-0198CC8D6999}.Ad-Hoc|ARM.ActiveCfg = Release|Any CPU
		{D6B536BD-E596-4114-94A3-0198CC8D6999}.Ad-Hoc|ARM.Build.0 = Release|Any CPU
		{D6B536BD-E596-4114-94A3-0198CC8D6999}.Ad-Hoc|iPhone.ActiveCfg = Release|Any CPU
		{D6B536BD-E596-4114-94A3-0198CC8D6999}.Ad-Hoc|iPhone.Build.0 = Release|Any CPU
		{D6B536BD-E596-4114-94A3-0198CC8D6999}.Ad-Hoc|iPhoneSimulator.ActiveCfg = Release|Any CPU
		{D6B536BD-E596-4114-94A3-0198CC8D6999}.Ad-Hoc|iPhoneSimulator.Build.0 = Release|Any CPU
		{D6B536BD-E596-4114-94A3-0198CC8D6999}.Ad-Hoc|x64.ActiveCfg = Release|Any CPU
		{D6B536BD-E596-4114-94A3-0198CC8D6999}.Ad-Hoc|x64.Build.0 = Release|Any CPU
		{D6B536BD-E596-4114-94A3-0198CC8D6999}.Ad-Hoc|x86.ActiveCfg = Release|Any CPU
		{D6B536BD-E596-4114-94A3-0198CC8D6999}.Ad-Hoc|x86.Build.0 = Release|Any CPU
		{D6B536BD-E596-4114-94A3-0198CC8D6999}.AppStore|Any CPU.ActiveCfg = Release|Any CPU
		{D6B536BD-E596-4114-94A3-0198CC8D6999}.AppStore|Any CPU.Build.0 = Release|Any CPU
		{D6B536BD-E596-4114-94A3-0198CC8D6999}.AppStore|ARM.ActiveCfg = Release|Any CPU
		{D6B536BD-E596-4114-94A3-0198CC8D6999}.AppStore|ARM.Build.0 = Release|Any CPU
		{D6B536BD-E596-4114-94A3-0198CC8D6999}.AppStore|iPhone.ActiveCfg = Release|Any CPU
		{D6B536BD-E596-4114-94A3-0198CC8D6999}.AppStore|iPhone.Build.0 = Release|Any CPU
		{D6B536BD-E596-4114-94A3-0198CC8D6999}.AppStore|iPhoneSimulator.ActiveCfg = Release|Any CPU
		{D6B536BD-E596-4114-94A3-0198CC8D6999}.AppStore|iPhoneSimulator.Build.0 = Release|Any CPU
		{D6B536BD-E596-4114-94A3-0198CC8D6999}.AppStore|x64.ActiveCfg = Release|Any CPU
		{D6B536BD-E596-4114-94A3-0198CC8D6999}.AppStore|x64.Build.0 = Release|Any CPU
		{D6B536BD-E596-4114-94A3-0198CC8D6999}.AppStore|x86.ActiveCfg = Release|Any CPU
		{D6B536BD-E596-4114-94A3-0198CC8D6999}.AppStore|x86.Build.0 = Release|Any CPU
		{D6B536BD-E596-4114-94A3-0198CC8D6999}.Debug|Any CPU.ActiveCfg = Debug|Any CPU
		{D6B536BD-E596-4114-94A3-0198CC8D6999}.Debug|Any CPU.Build.0 = Debug|Any CPU
		{D6B536BD-E596-4114-94A3-0198CC8D6999}.Debug|ARM.ActiveCfg = Debug|Any CPU
		{D6B536BD-E596-4114-94A3-0198CC8D6999}.Debug|ARM.Build.0 = Debug|Any CPU
		{D6B536BD-E596-4114-94A3-0198CC8D6999}.Debug|iPhone.ActiveCfg = Debug|Any CPU
		{D6B536BD-E596-4114-94A3-0198CC8D6999}.Debug|iPhone.Build.0 = Debug|Any CPU
		{D6B536BD-E596-4114-94A3-0198CC8D6999}.Debug|iPhoneSimulator.ActiveCfg = Debug|Any CPU
		{D6B536BD-E596-4114-94A3-0198CC8D6999}.Debug|iPhoneSimulator.Build.0 = Debug|Any CPU
		{D6B536BD-E596-4114-94A3-0198CC8D6999}.Debug|x64.ActiveCfg = Debug|Any CPU
		{D6B536BD-E596-4114-94A3-0198CC8D6999}.Debug|x64.Build.0 = Debug|Any CPU
		{D6B536BD-E596-4114-94A3-0198CC8D6999}.Debug|x86.ActiveCfg = Debug|Any CPU
		{D6B536BD-E596-4114-94A3-0198CC8D6999}.Debug|x86.Build.0 = Debug|Any CPU
		{D6B536BD-E596-4114-94A3-0198CC8D6999}.Integration|Any CPU.ActiveCfg = Integration|Any CPU
		{D6B536BD-E596-4114-94A3-0198CC8D6999}.Integration|Any CPU.Build.0 = Integration|Any CPU
		{D6B536BD-E596-4114-94A3-0198CC8D6999}.Integration|ARM.ActiveCfg = Integration|Any CPU
		{D6B536BD-E596-4114-94A3-0198CC8D6999}.Integration|ARM.Build.0 = Integration|Any CPU
		{D6B536BD-E596-4114-94A3-0198CC8D6999}.Integration|iPhone.ActiveCfg = Integration|Any CPU
		{D6B536BD-E596-4114-94A3-0198CC8D6999}.Integration|iPhone.Build.0 = Integration|Any CPU
		{D6B536BD-E596-4114-94A3-0198CC8D6999}.Integration|iPhoneSimulator.ActiveCfg = Integration|Any CPU
		{D6B536BD-E596-4114-94A3-0198CC8D6999}.Integration|iPhoneSimulator.Build.0 = Integration|Any CPU
		{D6B536BD-E596-4114-94A3-0198CC8D6999}.Integration|x64.ActiveCfg = Integration|Any CPU
		{D6B536BD-E596-4114-94A3-0198CC8D6999}.Integration|x64.Build.0 = Integration|Any CPU
		{D6B536BD-E596-4114-94A3-0198CC8D6999}.Integration|x86.ActiveCfg = Integration|Any CPU
		{D6B536BD-E596-4114-94A3-0198CC8D6999}.Integration|x86.Build.0 = Integration|Any CPU
		{D6B536BD-E596-4114-94A3-0198CC8D6999}.Release|Any CPU.ActiveCfg = Release|Any CPU
		{D6B536BD-E596-4114-94A3-0198CC8D6999}.Release|Any CPU.Build.0 = Release|Any CPU
		{D6B536BD-E596-4114-94A3-0198CC8D6999}.Release|ARM.ActiveCfg = Release|Any CPU
		{D6B536BD-E596-4114-94A3-0198CC8D6999}.Release|ARM.Build.0 = Release|Any CPU
		{D6B536BD-E596-4114-94A3-0198CC8D6999}.Release|iPhone.ActiveCfg = Release|Any CPU
		{D6B536BD-E596-4114-94A3-0198CC8D6999}.Release|iPhone.Build.0 = Release|Any CPU
		{D6B536BD-E596-4114-94A3-0198CC8D6999}.Release|iPhoneSimulator.ActiveCfg = Release|Any CPU
		{D6B536BD-E596-4114-94A3-0198CC8D6999}.Release|iPhoneSimulator.Build.0 = Release|Any CPU
		{D6B536BD-E596-4114-94A3-0198CC8D6999}.Release|x64.ActiveCfg = Release|Any CPU
		{D6B536BD-E596-4114-94A3-0198CC8D6999}.Release|x64.Build.0 = Release|Any CPU
		{D6B536BD-E596-4114-94A3-0198CC8D6999}.Release|x86.ActiveCfg = Release|Any CPU
		{D6B536BD-E596-4114-94A3-0198CC8D6999}.Release|x86.Build.0 = Release|Any CPU
		{AAC89B95-8F5D-43C3-81FF-0AD892F108A9}.Ad-Hoc|Any CPU.ActiveCfg = Integration|Any CPU
		{AAC89B95-8F5D-43C3-81FF-0AD892F108A9}.Ad-Hoc|Any CPU.Build.0 = Integration|Any CPU
		{AAC89B95-8F5D-43C3-81FF-0AD892F108A9}.Ad-Hoc|ARM.ActiveCfg = Integration|Any CPU
		{AAC89B95-8F5D-43C3-81FF-0AD892F108A9}.Ad-Hoc|ARM.Build.0 = Integration|Any CPU
		{AAC89B95-8F5D-43C3-81FF-0AD892F108A9}.Ad-Hoc|iPhone.ActiveCfg = Integration|Any CPU
		{AAC89B95-8F5D-43C3-81FF-0AD892F108A9}.Ad-Hoc|iPhone.Build.0 = Integration|Any CPU
		{AAC89B95-8F5D-43C3-81FF-0AD892F108A9}.Ad-Hoc|iPhoneSimulator.ActiveCfg = Integration|Any CPU
		{AAC89B95-8F5D-43C3-81FF-0AD892F108A9}.Ad-Hoc|iPhoneSimulator.Build.0 = Integration|Any CPU
		{AAC89B95-8F5D-43C3-81FF-0AD892F108A9}.Ad-Hoc|x64.ActiveCfg = Integration|Any CPU
		{AAC89B95-8F5D-43C3-81FF-0AD892F108A9}.Ad-Hoc|x64.Build.0 = Integration|Any CPU
		{AAC89B95-8F5D-43C3-81FF-0AD892F108A9}.Ad-Hoc|x86.ActiveCfg = Integration|Any CPU
		{AAC89B95-8F5D-43C3-81FF-0AD892F108A9}.Ad-Hoc|x86.Build.0 = Integration|Any CPU
		{AAC89B95-8F5D-43C3-81FF-0AD892F108A9}.AppStore|Any CPU.ActiveCfg = Integration|Any CPU
		{AAC89B95-8F5D-43C3-81FF-0AD892F108A9}.AppStore|Any CPU.Build.0 = Integration|Any CPU
		{AAC89B95-8F5D-43C3-81FF-0AD892F108A9}.AppStore|ARM.ActiveCfg = Integration|Any CPU
		{AAC89B95-8F5D-43C3-81FF-0AD892F108A9}.AppStore|ARM.Build.0 = Integration|Any CPU
		{AAC89B95-8F5D-43C3-81FF-0AD892F108A9}.AppStore|iPhone.ActiveCfg = Integration|Any CPU
		{AAC89B95-8F5D-43C3-81FF-0AD892F108A9}.AppStore|iPhone.Build.0 = Integration|Any CPU
		{AAC89B95-8F5D-43C3-81FF-0AD892F108A9}.AppStore|iPhoneSimulator.ActiveCfg = Integration|Any CPU
		{AAC89B95-8F5D-43C3-81FF-0AD892F108A9}.AppStore|iPhoneSimulator.Build.0 = Integration|Any CPU
		{AAC89B95-8F5D-43C3-81FF-0AD892F108A9}.AppStore|x64.ActiveCfg = Integration|Any CPU
		{AAC89B95-8F5D-43C3-81FF-0AD892F108A9}.AppStore|x64.Build.0 = Integration|Any CPU
		{AAC89B95-8F5D-43C3-81FF-0AD892F108A9}.AppStore|x86.ActiveCfg = Integration|Any CPU
		{AAC89B95-8F5D-43C3-81FF-0AD892F108A9}.AppStore|x86.Build.0 = Integration|Any CPU
		{AAC89B95-8F5D-43C3-81FF-0AD892F108A9}.Debug|Any CPU.ActiveCfg = Debug|Any CPU
		{AAC89B95-8F5D-43C3-81FF-0AD892F108A9}.Debug|Any CPU.Build.0 = Debug|Any CPU
		{AAC89B95-8F5D-43C3-81FF-0AD892F108A9}.Debug|ARM.ActiveCfg = Debug|Any CPU
		{AAC89B95-8F5D-43C3-81FF-0AD892F108A9}.Debug|ARM.Build.0 = Debug|Any CPU
		{AAC89B95-8F5D-43C3-81FF-0AD892F108A9}.Debug|iPhone.ActiveCfg = Debug|Any CPU
		{AAC89B95-8F5D-43C3-81FF-0AD892F108A9}.Debug|iPhone.Build.0 = Debug|Any CPU
		{AAC89B95-8F5D-43C3-81FF-0AD892F108A9}.Debug|iPhoneSimulator.ActiveCfg = Debug|Any CPU
		{AAC89B95-8F5D-43C3-81FF-0AD892F108A9}.Debug|iPhoneSimulator.Build.0 = Debug|Any CPU
		{AAC89B95-8F5D-43C3-81FF-0AD892F108A9}.Debug|x64.ActiveCfg = Debug|Any CPU
		{AAC89B95-8F5D-43C3-81FF-0AD892F108A9}.Debug|x64.Build.0 = Debug|Any CPU
		{AAC89B95-8F5D-43C3-81FF-0AD892F108A9}.Debug|x86.ActiveCfg = Debug|Any CPU
		{AAC89B95-8F5D-43C3-81FF-0AD892F108A9}.Debug|x86.Build.0 = Debug|Any CPU
		{AAC89B95-8F5D-43C3-81FF-0AD892F108A9}.Integration|Any CPU.ActiveCfg = Integration|Any CPU
		{AAC89B95-8F5D-43C3-81FF-0AD892F108A9}.Integration|Any CPU.Build.0 = Integration|Any CPU
		{AAC89B95-8F5D-43C3-81FF-0AD892F108A9}.Integration|ARM.ActiveCfg = Integration|Any CPU
		{AAC89B95-8F5D-43C3-81FF-0AD892F108A9}.Integration|ARM.Build.0 = Integration|Any CPU
		{AAC89B95-8F5D-43C3-81FF-0AD892F108A9}.Integration|iPhone.ActiveCfg = Integration|Any CPU
		{AAC89B95-8F5D-43C3-81FF-0AD892F108A9}.Integration|iPhone.Build.0 = Integration|Any CPU
		{AAC89B95-8F5D-43C3-81FF-0AD892F108A9}.Integration|iPhoneSimulator.ActiveCfg = Integration|Any CPU
		{AAC89B95-8F5D-43C3-81FF-0AD892F108A9}.Integration|iPhoneSimulator.Build.0 = Integration|Any CPU
		{AAC89B95-8F5D-43C3-81FF-0AD892F108A9}.Integration|x64.ActiveCfg = Integration|Any CPU
		{AAC89B95-8F5D-43C3-81FF-0AD892F108A9}.Integration|x64.Build.0 = Integration|Any CPU
		{AAC89B95-8F5D-43C3-81FF-0AD892F108A9}.Integration|x86.ActiveCfg = Integration|Any CPU
		{AAC89B95-8F5D-43C3-81FF-0AD892F108A9}.Integration|x86.Build.0 = Integration|Any CPU
		{AAC89B95-8F5D-43C3-81FF-0AD892F108A9}.Release|Any CPU.ActiveCfg = Release|Any CPU
		{AAC89B95-8F5D-43C3-81FF-0AD892F108A9}.Release|Any CPU.Build.0 = Release|Any CPU
		{AAC89B95-8F5D-43C3-81FF-0AD892F108A9}.Release|ARM.ActiveCfg = Release|Any CPU
		{AAC89B95-8F5D-43C3-81FF-0AD892F108A9}.Release|ARM.Build.0 = Release|Any CPU
		{AAC89B95-8F5D-43C3-81FF-0AD892F108A9}.Release|iPhone.ActiveCfg = Release|Any CPU
		{AAC89B95-8F5D-43C3-81FF-0AD892F108A9}.Release|iPhone.Build.0 = Release|Any CPU
		{AAC89B95-8F5D-43C3-81FF-0AD892F108A9}.Release|iPhoneSimulator.ActiveCfg = Release|Any CPU
		{AAC89B95-8F5D-43C3-81FF-0AD892F108A9}.Release|iPhoneSimulator.Build.0 = Release|Any CPU
		{AAC89B95-8F5D-43C3-81FF-0AD892F108A9}.Release|x64.ActiveCfg = Release|Any CPU
		{AAC89B95-8F5D-43C3-81FF-0AD892F108A9}.Release|x64.Build.0 = Release|Any CPU
		{AAC89B95-8F5D-43C3-81FF-0AD892F108A9}.Release|x86.ActiveCfg = Release|Any CPU
		{AAC89B95-8F5D-43C3-81FF-0AD892F108A9}.Release|x86.Build.0 = Release|Any CPU
		{8A84FCE2-729E-4F18-B8C1-E8A5BFE56136}.Ad-Hoc|Any CPU.ActiveCfg = Integration|Any CPU
		{8A84FCE2-729E-4F18-B8C1-E8A5BFE56136}.Ad-Hoc|Any CPU.Build.0 = Integration|Any CPU
		{8A84FCE2-729E-4F18-B8C1-E8A5BFE56136}.Ad-Hoc|ARM.ActiveCfg = Integration|Any CPU
		{8A84FCE2-729E-4F18-B8C1-E8A5BFE56136}.Ad-Hoc|ARM.Build.0 = Integration|Any CPU
		{8A84FCE2-729E-4F18-B8C1-E8A5BFE56136}.Ad-Hoc|iPhone.ActiveCfg = Integration|Any CPU
		{8A84FCE2-729E-4F18-B8C1-E8A5BFE56136}.Ad-Hoc|iPhone.Build.0 = Integration|Any CPU
		{8A84FCE2-729E-4F18-B8C1-E8A5BFE56136}.Ad-Hoc|iPhoneSimulator.ActiveCfg = Integration|Any CPU
		{8A84FCE2-729E-4F18-B8C1-E8A5BFE56136}.Ad-Hoc|iPhoneSimulator.Build.0 = Integration|Any CPU
		{8A84FCE2-729E-4F18-B8C1-E8A5BFE56136}.Ad-Hoc|x64.ActiveCfg = Integration|Any CPU
		{8A84FCE2-729E-4F18-B8C1-E8A5BFE56136}.Ad-Hoc|x64.Build.0 = Integration|Any CPU
		{8A84FCE2-729E-4F18-B8C1-E8A5BFE56136}.Ad-Hoc|x86.ActiveCfg = Integration|Any CPU
		{8A84FCE2-729E-4F18-B8C1-E8A5BFE56136}.Ad-Hoc|x86.Build.0 = Integration|Any CPU
		{8A84FCE2-729E-4F18-B8C1-E8A5BFE56136}.AppStore|Any CPU.ActiveCfg = Integration|Any CPU
		{8A84FCE2-729E-4F18-B8C1-E8A5BFE56136}.AppStore|Any CPU.Build.0 = Integration|Any CPU
		{8A84FCE2-729E-4F18-B8C1-E8A5BFE56136}.AppStore|ARM.ActiveCfg = Integration|Any CPU
		{8A84FCE2-729E-4F18-B8C1-E8A5BFE56136}.AppStore|ARM.Build.0 = Integration|Any CPU
		{8A84FCE2-729E-4F18-B8C1-E8A5BFE56136}.AppStore|iPhone.ActiveCfg = Integration|Any CPU
		{8A84FCE2-729E-4F18-B8C1-E8A5BFE56136}.AppStore|iPhone.Build.0 = Integration|Any CPU
		{8A84FCE2-729E-4F18-B8C1-E8A5BFE56136}.AppStore|iPhoneSimulator.ActiveCfg = Integration|Any CPU
		{8A84FCE2-729E-4F18-B8C1-E8A5BFE56136}.AppStore|iPhoneSimulator.Build.0 = Integration|Any CPU
		{8A84FCE2-729E-4F18-B8C1-E8A5BFE56136}.AppStore|x64.ActiveCfg = Integration|Any CPU
		{8A84FCE2-729E-4F18-B8C1-E8A5BFE56136}.AppStore|x64.Build.0 = Integration|Any CPU
		{8A84FCE2-729E-4F18-B8C1-E8A5BFE56136}.AppStore|x86.ActiveCfg = Integration|Any CPU
		{8A84FCE2-729E-4F18-B8C1-E8A5BFE56136}.AppStore|x86.Build.0 = Integration|Any CPU
		{8A84FCE2-729E-4F18-B8C1-E8A5BFE56136}.Debug|Any CPU.ActiveCfg = Debug|Any CPU
		{8A84FCE2-729E-4F18-B8C1-E8A5BFE56136}.Debug|Any CPU.Build.0 = Debug|Any CPU
		{8A84FCE2-729E-4F18-B8C1-E8A5BFE56136}.Debug|ARM.ActiveCfg = Debug|Any CPU
		{8A84FCE2-729E-4F18-B8C1-E8A5BFE56136}.Debug|ARM.Build.0 = Debug|Any CPU
		{8A84FCE2-729E-4F18-B8C1-E8A5BFE56136}.Debug|iPhone.ActiveCfg = Debug|Any CPU
		{8A84FCE2-729E-4F18-B8C1-E8A5BFE56136}.Debug|iPhone.Build.0 = Debug|Any CPU
		{8A84FCE2-729E-4F18-B8C1-E8A5BFE56136}.Debug|iPhoneSimulator.ActiveCfg = Debug|Any CPU
		{8A84FCE2-729E-4F18-B8C1-E8A5BFE56136}.Debug|iPhoneSimulator.Build.0 = Debug|Any CPU
		{8A84FCE2-729E-4F18-B8C1-E8A5BFE56136}.Debug|x64.ActiveCfg = Debug|Any CPU
		{8A84FCE2-729E-4F18-B8C1-E8A5BFE56136}.Debug|x64.Build.0 = Debug|Any CPU
		{8A84FCE2-729E-4F18-B8C1-E8A5BFE56136}.Debug|x86.ActiveCfg = Debug|Any CPU
		{8A84FCE2-729E-4F18-B8C1-E8A5BFE56136}.Debug|x86.Build.0 = Debug|Any CPU
		{8A84FCE2-729E-4F18-B8C1-E8A5BFE56136}.Integration|Any CPU.ActiveCfg = Integration|Any CPU
		{8A84FCE2-729E-4F18-B8C1-E8A5BFE56136}.Integration|Any CPU.Build.0 = Integration|Any CPU
		{8A84FCE2-729E-4F18-B8C1-E8A5BFE56136}.Integration|ARM.ActiveCfg = Integration|Any CPU
		{8A84FCE2-729E-4F18-B8C1-E8A5BFE56136}.Integration|ARM.Build.0 = Integration|Any CPU
		{8A84FCE2-729E-4F18-B8C1-E8A5BFE56136}.Integration|iPhone.ActiveCfg = Integration|Any CPU
		{8A84FCE2-729E-4F18-B8C1-E8A5BFE56136}.Integration|iPhone.Build.0 = Integration|Any CPU
		{8A84FCE2-729E-4F18-B8C1-E8A5BFE56136}.Integration|iPhoneSimulator.ActiveCfg = Integration|Any CPU
		{8A84FCE2-729E-4F18-B8C1-E8A5BFE56136}.Integration|iPhoneSimulator.Build.0 = Integration|Any CPU
		{8A84FCE2-729E-4F18-B8C1-E8A5BFE56136}.Integration|x64.ActiveCfg = Integration|Any CPU
		{8A84FCE2-729E-4F18-B8C1-E8A5BFE56136}.Integration|x64.Build.0 = Integration|Any CPU
		{8A84FCE2-729E-4F18-B8C1-E8A5BFE56136}.Integration|x86.ActiveCfg = Integration|Any CPU
		{8A84FCE2-729E-4F18-B8C1-E8A5BFE56136}.Integration|x86.Build.0 = Integration|Any CPU
		{8A84FCE2-729E-4F18-B8C1-E8A5BFE56136}.Release|Any CPU.ActiveCfg = Release|Any CPU
		{8A84FCE2-729E-4F18-B8C1-E8A5BFE56136}.Release|Any CPU.Build.0 = Release|Any CPU
		{8A84FCE2-729E-4F18-B8C1-E8A5BFE56136}.Release|ARM.ActiveCfg = Release|Any CPU
		{8A84FCE2-729E-4F18-B8C1-E8A5BFE56136}.Release|ARM.Build.0 = Release|Any CPU
		{8A84FCE2-729E-4F18-B8C1-E8A5BFE56136}.Release|iPhone.ActiveCfg = Release|Any CPU
		{8A84FCE2-729E-4F18-B8C1-E8A5BFE56136}.Release|iPhone.Build.0 = Release|Any CPU
		{8A84FCE2-729E-4F18-B8C1-E8A5BFE56136}.Release|iPhoneSimulator.ActiveCfg = Release|Any CPU
		{8A84FCE2-729E-4F18-B8C1-E8A5BFE56136}.Release|iPhoneSimulator.Build.0 = Release|Any CPU
		{8A84FCE2-729E-4F18-B8C1-E8A5BFE56136}.Release|x64.ActiveCfg = Release|Any CPU
		{8A84FCE2-729E-4F18-B8C1-E8A5BFE56136}.Release|x64.Build.0 = Release|Any CPU
		{8A84FCE2-729E-4F18-B8C1-E8A5BFE56136}.Release|x86.ActiveCfg = Release|Any CPU
		{8A84FCE2-729E-4F18-B8C1-E8A5BFE56136}.Release|x86.Build.0 = Release|Any CPU
	EndGlobalSection
	GlobalSection(SolutionProperties) = preSolution
		HideSolutionNode = FALSE
	EndGlobalSection
	GlobalSection(NestedProjects) = preSolution
		{9779C32A-A4FF-45DC-A5F2-85E73D98DACB} = {CAC4FD67-4DFB-4E2C-8C47-A3BAC793E232}
		{D4BE731C-67E0-4600-8FD8-FE655778191F} = {CAC4FD67-4DFB-4E2C-8C47-A3BAC793E232}
		{B9E69605-6D50-48A6-A041-9D7C8DFDFF60} = {CAC4FD67-4DFB-4E2C-8C47-A3BAC793E232}
		{37781828-6CC8-499D-9828-6D6D604D5E4D} = {CAC4FD67-4DFB-4E2C-8C47-A3BAC793E232}
		{FE28A9EA-0E6F-4332-B86A-E6178A654986} = {3159D8A6-CA8E-47C4-A49C-B318EDC97FDC}
		{1176F48D-ED61-451B-8BBF-88CD0D02586F} = {3159D8A6-CA8E-47C4-A49C-B318EDC97FDC}
		{5ACC425B-AE61-4A66-9530-3B18898EC816} = {3159D8A6-CA8E-47C4-A49C-B318EDC97FDC}
		{D0ABB8F1-4839-49D7-B9FD-C954F87FB29B} = {3159D8A6-CA8E-47C4-A49C-B318EDC97FDC}
		{9C54C296-FAB5-4C96-8C71-2200583AAF62} = {3159D8A6-CA8E-47C4-A49C-B318EDC97FDC}
		{F8FAE603-4B27-4BF3-8C00-7395EB7C23B8} = {CAC4FD67-4DFB-4E2C-8C47-A3BAC793E232}
		{ABB48F3D-FA1E-4953-87D1-8BD737DEAEA7} = {057F0090-B2E7-4F9A-8DD5-72BFAB87D62D}
		{D6B536BD-E596-4114-94A3-0198CC8D6999} = {057F0090-B2E7-4F9A-8DD5-72BFAB87D62D}
		{AAC89B95-8F5D-43C3-81FF-0AD892F108A9} = {3159D8A6-CA8E-47C4-A49C-B318EDC97FDC}
	EndGlobalSection
	GlobalSection(ExtensibilityGlobals) = postSolution
		SolutionGuid = {C8E832D9-EFA6-48CC-A12B-72AEEA2ABA88}
	EndGlobalSection
EndGlobal
